// !$*UTF8*$!
{
	archiveVersion = 1;
	classes = {
	};
	objectVersion = 46;
	objects = {

/* Begin PBXBuildFile section */
		142B224F1A7DCE3000363BD9 /* DetailedAddressViewController.m in Sources */ = {isa = PBXBuildFile; fileRef = 142B224E1A7DCE3000363BD9 /* DetailedAddressViewController.m */; };
		142B22521A7DD4AA00363BD9 /* HZAreaPickerView.m in Sources */ = {isa = PBXBuildFile; fileRef = 142B22511A7DD4AA00363BD9 /* HZAreaPickerView.m */; };
		142B22541A7DD67200363BD9 /* HZAreaPickerView.xib in Resources */ = {isa = PBXBuildFile; fileRef = 142B22531A7DD67200363BD9 /* HZAreaPickerView.xib */; };
		142B22581A7DD84100363BD9 /* area.plist in Resources */ = {isa = PBXBuildFile; fileRef = 142B22571A7DD84100363BD9 /* area.plist */; };
		142B225B1A7E34BD00363BD9 /* LoginViewController.m in Sources */ = {isa = PBXBuildFile; fileRef = 142B225A1A7E34BD00363BD9 /* LoginViewController.m */; };
		143770291A74DF17005084CE /* IntroduceViewController.m in Sources */ = {isa = PBXBuildFile; fileRef = 143770281A74DF17005084CE /* IntroduceViewController.m */; };
		144023571A8E35A400321C6F /* GoodsPhotoViewController.m in Sources */ = {isa = PBXBuildFile; fileRef = 144023561A8E35A400321C6F /* GoodsPhotoViewController.m */; };
		14408D1F1AA1F17400EC6D79 /* GoodsInComplete_Times_Cell.m in Sources */ = {isa = PBXBuildFile; fileRef = 14408D1E1AA1F17400EC6D79 /* GoodsInComplete_Times_Cell.m */; };
		14408D221AA1F20D00EC6D79 /* GoodsInComplete_State_Cell.m in Sources */ = {isa = PBXBuildFile; fileRef = 14408D211AA1F20D00EC6D79 /* GoodsInComplete_State_Cell.m */; };
		14408D251AA1F22300EC6D79 /* GoodsInComplete_Address_Cell.m in Sources */ = {isa = PBXBuildFile; fileRef = 14408D241AA1F22300EC6D79 /* GoodsInComplete_Address_Cell.m */; };
		14408D281AA1FCAE00EC6D79 /* GoodsInCompleteViewController.m in Sources */ = {isa = PBXBuildFile; fileRef = 14408D271AA1FCAE00EC6D79 /* GoodsInCompleteViewController.m */; };
		1441B9E91A8F7EDB003F9142 /* QRCodesViewController.m in Sources */ = {isa = PBXBuildFile; fileRef = 1441B9E81A8F7EDB003F9142 /* QRCodesViewController.m */; };
		1443E92F1A9ED37E006BC700 /* SCPopView.m in Sources */ = {isa = PBXBuildFile; fileRef = 1443E92E1A9ED37E006BC700 /* SCPopView.m */; };
		1443E9E11A9EFC07006BC700 /* SCNavTabBar.m in Sources */ = {isa = PBXBuildFile; fileRef = 1443E9E01A9EFC07006BC700 /* SCNavTabBar.m */; };
		1443E9E41A9F012E006BC700 /* SCNavTabBarController.m in Sources */ = {isa = PBXBuildFile; fileRef = 1443E9E31A9F012E006BC700 /* SCNavTabBarController.m */; };
		1443E9E71A9F0257006BC700 /* GoodsOrderViewController.m in Sources */ = {isa = PBXBuildFile; fileRef = 1443E9E61A9F0257006BC700 /* GoodsOrderViewController.m */; };
		1443E9EA1A9F1714006BC700 /* GoodsInProgressViewController.m in Sources */ = {isa = PBXBuildFile; fileRef = 1443E9E91A9F1714006BC700 /* GoodsInProgressViewController.m */; };
		14456D6F1AAC373F0067068E /* TaskOrderViewController.m in Sources */ = {isa = PBXBuildFile; fileRef = 14456D6E1AAC373F0067068E /* TaskOrderViewController.m */; };
		14456D721AAC3D780067068E /* TaskOrderUnfinishedViewController.m in Sources */ = {isa = PBXBuildFile; fileRef = 14456D711AAC3D780067068E /* TaskOrderUnfinishedViewController.m */; };
		1454D07D1A85F6F1003033D3 /* icon_nav_end.png in Resources */ = {isa = PBXBuildFile; fileRef = 1454D07B1A85F6F1003033D3 /* icon_nav_end.png */; };
		1454D07E1A85F6F1003033D3 /* icon_nav_start.png in Resources */ = {isa = PBXBuildFile; fileRef = 1454D07C1A85F6F1003033D3 /* icon_nav_start.png */; };
		1454D0811A861BF9003033D3 /* icon_nav_end@2x.png in Resources */ = {isa = PBXBuildFile; fileRef = 1454D07F1A861BF9003033D3 /* icon_nav_end@2x.png */; };
		1454D0821A861BF9003033D3 /* icon_nav_start@2x.png in Resources */ = {isa = PBXBuildFile; fileRef = 1454D0801A861BF9003033D3 /* icon_nav_start@2x.png */; };
		1454D0851A861E57003033D3 /* icon_center_point.png in Resources */ = {isa = PBXBuildFile; fileRef = 1454D0831A861E57003033D3 /* icon_center_point.png */; };
		1454D0861A861E57003033D3 /* icon_center_point@2x.png in Resources */ = {isa = PBXBuildFile; fileRef = 1454D0841A861E57003033D3 /* icon_center_point@2x.png */; };
		1458F3521A8AF3A900AB04D6 /* Media_Photo.m in Sources */ = {isa = PBXBuildFile; fileRef = 1458F3511A8AF3A900AB04D6 /* Media_Photo.m */; };
		1459912B1A89D76700710CF2 /* ConfirmTableViewController.m in Sources */ = {isa = PBXBuildFile; fileRef = 1459912A1A89D76700710CF2 /* ConfirmTableViewController.m */; };
		1459912E1A89DC7F00710CF2 /* PhotoGroupView.m in Sources */ = {isa = PBXBuildFile; fileRef = 1459912D1A89DC7F00710CF2 /* PhotoGroupView.m */; };
		145991371A89F42F00710CF2 /* PhotoGroupTableViewCell.m in Sources */ = {isa = PBXBuildFile; fileRef = 145991361A89F42F00710CF2 /* PhotoGroupTableViewCell.m */; };
		1459ABB31AA088FB0041CEBB /* GoodsInProgress_Order_Cell.m in Sources */ = {isa = PBXBuildFile; fileRef = 1459ABB21AA088FB0041CEBB /* GoodsInProgress_Order_Cell.m */; };
		1459ABB61AA0893E0041CEBB /* GoodsInProgress_GoodsInfo_Cell.m in Sources */ = {isa = PBXBuildFile; fileRef = 1459ABB51AA0893E0041CEBB /* GoodsInProgress_GoodsInfo_Cell.m */; };
		1478BE3B1A83AAAA006B03ED /* OrderTrackViewController.mm in Sources */ = {isa = PBXBuildFile; fileRef = 1478BE3A1A83AAAA006B03ED /* OrderTrackViewController.mm */; };
		1483DA071A885293003A3B8B /* OrderTrack_UserItem.xib in Resources */ = {isa = PBXBuildFile; fileRef = 1483DA061A885293003A3B8B /* OrderTrack_UserItem.xib */; };
		1483DA0A1A8856CF003A3B8B /* 4-3SMART-BOX-任务_11.png in Resources */ = {isa = PBXBuildFile; fileRef = 1483DA081A8856CF003A3B8B /* 4-3SMART-BOX-任务_11.png */; };
		1483DA0B1A8856CF003A3B8B /* 4-4SMART-BOX-消息_启动预警.png in Resources */ = {isa = PBXBuildFile; fileRef = 1483DA091A8856CF003A3B8B /* 4-4SMART-BOX-消息_启动预警.png */; };
		1483DA0E1A885896003A3B8B /* OrderTrack_UserItem_Cell.m in Sources */ = {isa = PBXBuildFile; fileRef = 1483DA0D1A885896003A3B8B /* OrderTrack_UserItem_Cell.m */; };
		148BC3A91AA5FE3100819910 /* OrderDetailTableViewController.m in Sources */ = {isa = PBXBuildFile; fileRef = 148BC3A81AA5FE3100819910 /* OrderDetailTableViewController.m */; };
		14BD142A1A7C90E1007F9287 /* MapSearchViewController.mm in Sources */ = {isa = PBXBuildFile; fileRef = 14BD14291A7C90E1007F9287 /* MapSearchViewController.mm */; };
		14BD14301A7C91D5007F9287 /* mapapi.bundle in Resources */ = {isa = PBXBuildFile; fileRef = 14BD142F1A7C91D5007F9287 /* mapapi.bundle */; };
		14BD6BA81A7CC3EE001A8535 /* CLLocationManager+CustomGPS.m in Sources */ = {isa = PBXBuildFile; fileRef = 14BD6BA71A7CC3EE001A8535 /* CLLocationManager+CustomGPS.m */; };
		14BD6BAD1A7CE61D001A8535 /* icon_direction.png in Resources */ = {isa = PBXBuildFile; fileRef = 14BD6BAC1A7CE61D001A8535 /* icon_direction.png */; };
		14BD6BB31A7CE945001A8535 /* EditCargoInfoTableViewController.m in Sources */ = {isa = PBXBuildFile; fileRef = 14BD6BB21A7CE945001A8535 /* EditCargoInfoTableViewController.m */; };
		14C40F351A7BC0800050FAF4 /* libbaidumapapi.a in Frameworks */ = {isa = PBXBuildFile; fileRef = 14C40F321A7BC0800050FAF4 /* libbaidumapapi.a */; };
		14C40F361A7BC0800050FAF4 /* libbaidumapapi.a in Frameworks */ = {isa = PBXBuildFile; fileRef = 14C40F341A7BC0800050FAF4 /* libbaidumapapi.a */; };
		14C40F381A7BC0D50050FAF4 /* CoreLocation.framework in Frameworks */ = {isa = PBXBuildFile; fileRef = 14C40F371A7BC0D50050FAF4 /* CoreLocation.framework */; };
		14C40F3A1A7BC0DF0050FAF4 /* QuartzCore.framework in Frameworks */ = {isa = PBXBuildFile; fileRef = 14C40F391A7BC0DF0050FAF4 /* QuartzCore.framework */; };
		14C40F3C1A7BC0E70050FAF4 /* SystemConfiguration.framework in Frameworks */ = {isa = PBXBuildFile; fileRef = 14C40F3B1A7BC0E70050FAF4 /* SystemConfiguration.framework */; };
		14C40F3E1A7BC0EF0050FAF4 /* CoreGraphics.framework in Frameworks */ = {isa = PBXBuildFile; fileRef = 14C40F3D1A7BC0EF0050FAF4 /* CoreGraphics.framework */; };
		14C40F401A7BC0F70050FAF4 /* OpenGLES.framework in Frameworks */ = {isa = PBXBuildFile; fileRef = 14C40F3F1A7BC0F70050FAF4 /* OpenGLES.framework */; };
		14C40F421A7BC0FF0050FAF4 /* MessageUI.framework in Frameworks */ = {isa = PBXBuildFile; fileRef = 14C40F411A7BC0FF0050FAF4 /* MessageUI.framework */; };
		14C40F441A7BC1070050FAF4 /* Security.framework in Frameworks */ = {isa = PBXBuildFile; fileRef = 14C40F431A7BC1070050FAF4 /* Security.framework */; };
		14CE5FBE1A74CF8400A19C36 /* main.m in Sources */ = {isa = PBXBuildFile; fileRef = 14CE5FBD1A74CF8400A19C36 /* main.m */; };
		14CE5FC11A74CF8400A19C36 /* AppDelegate.mm in Sources */ = {isa = PBXBuildFile; fileRef = 14CE5FC01A74CF8400A19C36 /* AppDelegate.mm */; };
		14CE5FC41A74CF8400A19C36 /* Post.xcdatamodeld in Sources */ = {isa = PBXBuildFile; fileRef = 14CE5FC21A74CF8400A19C36 /* Post.xcdatamodeld */; };
		14CE5FC71A74CF8400A19C36 /* ViewController.m in Sources */ = {isa = PBXBuildFile; fileRef = 14CE5FC61A74CF8400A19C36 /* ViewController.m */; };
		14CE5FCA1A74CF8400A19C36 /* Main.storyboard in Resources */ = {isa = PBXBuildFile; fileRef = 14CE5FC81A74CF8400A19C36 /* Main.storyboard */; };
		14CE5FCC1A74CF8400A19C36 /* Images.xcassets in Resources */ = {isa = PBXBuildFile; fileRef = 14CE5FCB1A74CF8400A19C36 /* Images.xcassets */; };
		14CE5FCF1A74CF8400A19C36 /* LaunchScreen.xib in Resources */ = {isa = PBXBuildFile; fileRef = 14CE5FCD1A74CF8400A19C36 /* LaunchScreen.xib */; };
		14CE5FDB1A74CF8400A19C36 /* PostTests.m in Sources */ = {isa = PBXBuildFile; fileRef = 14CE5FDA1A74CF8400A19C36 /* PostTests.m */; };
		14CE5FED1A74D34A00A19C36 /* Default@2x.png in Resources */ = {isa = PBXBuildFile; fileRef = 14CE5FEA1A74D34A00A19C36 /* Default@2x.png */; };
		14CE5FEE1A74D34A00A19C36 /* Default-568h@2x.png in Resources */ = {isa = PBXBuildFile; fileRef = 14CE5FEB1A74D34A00A19C36 /* Default-568h@2x.png */; };
		14CE5FEF1A74D34A00A19C36 /* 0-SMART-BOX-启动750-1334.png in Resources */ = {isa = PBXBuildFile; fileRef = 14CE5FEC1A74D34A00A19C36 /* 0-SMART-BOX-启动750-1334.png */; };
		FC670A221AA2F13E000BE7A0 /* SVProgressHUD.m in Sources */ = {isa = PBXBuildFile; fileRef = FC670A211AA2F13E000BE7A0 /* SVProgressHUD.m */; };
		FC7FC7ED1A7875C3004B3909 /* TabBarViewController.m in Sources */ = {isa = PBXBuildFile; fileRef = FC7FC7EC1A7875C3004B3909 /* TabBarViewController.m */; };
		FC7FC7F31A787C4B004B3909 /* HomeViewController.m in Sources */ = {isa = PBXBuildFile; fileRef = FC7FC7F21A787C4B004B3909 /* HomeViewController.m */; };
		FC7FC7F61A788972004B3909 /* RegisterViewController.m in Sources */ = {isa = PBXBuildFile; fileRef = FC7FC7F51A788972004B3909 /* RegisterViewController.m */; };
		FC81BC821A7A0D4500D6C78F /* Custom_ScrollImageView.m in Sources */ = {isa = PBXBuildFile; fileRef = FC81BC811A7A0D4500D6C78F /* Custom_ScrollImageView.m */; };
		FC81BC891A7A0E6B00D6C78F /* 1.JPG in Resources */ = {isa = PBXBuildFile; fileRef = FC81BC841A7A0E6B00D6C78F /* 1.JPG */; };
		FC81BC8A1A7A0E6B00D6C78F /* 2.JPG in Resources */ = {isa = PBXBuildFile; fileRef = FC81BC851A7A0E6B00D6C78F /* 2.JPG */; };
		FC81BC8B1A7A0E6B00D6C78F /* 3.JPG in Resources */ = {isa = PBXBuildFile; fileRef = FC81BC861A7A0E6B00D6C78F /* 3.JPG */; };
		FC81BC8C1A7A0E6B00D6C78F /* 4.JPG in Resources */ = {isa = PBXBuildFile; fileRef = FC81BC871A7A0E6B00D6C78F /* 4.JPG */; };
		FC81BC8D1A7A0E6B00D6C78F /* 5.jpg in Resources */ = {isa = PBXBuildFile; fileRef = FC81BC881A7A0E6B00D6C78F /* 5.jpg */; };
		FC81BC941A7A389800D6C78F /* 2-1SMART-BOX-导航按钮_救援-d.png in Resources */ = {isa = PBXBuildFile; fileRef = FC81BC921A7A389800D6C78F /* 2-1SMART-BOX-导航按钮_救援-d.png */; };
		FC81BC951A7A389800D6C78F /* 2-1SMART-BOX-导航按钮_行驶-d.png in Resources */ = {isa = PBXBuildFile; fileRef = FC81BC931A7A389800D6C78F /* 2-1SMART-BOX-导航按钮_行驶-d.png */; };
		FC821BA21AA4561700F4B0C9 /* GoodsInCancleViewController.m in Sources */ = {isa = PBXBuildFile; fileRef = FC821BA11AA4561700F4B0C9 /* GoodsInCancleViewController.m */; };
		FC821BA51AA45AC500F4B0C9 /* GoodsInCancle_State_Cell.m in Sources */ = {isa = PBXBuildFile; fileRef = FC821BA41AA45AC500F4B0C9 /* GoodsInCancle_State_Cell.m */; };
		FC98FBB81AAD8B66005E2DB0 /* ConfirmDeliveryViewController.m in Sources */ = {isa = PBXBuildFile; fileRef = FC98FBB71AAD8B66005E2DB0 /* ConfirmDeliveryViewController.m */; };
		FCD6C5B61AA2FCC3008D5E23 /* GMDCircleLoader.m in Sources */ = {isa = PBXBuildFile; fileRef = FCD6C5B51AA2FCC3008D5E23 /* GMDCircleLoader.m */; };
		FCD6C5B81AA3144C008D5E23 /* citydict.plist in Resources */ = {isa = PBXBuildFile; fileRef = FCD6C5B71AA3144C008D5E23 /* citydict.plist */; };
		FCD6C5BB1AA31616008D5E23 /* CityListViewController.m in Sources */ = {isa = PBXBuildFile; fileRef = FCD6C5BA1AA31616008D5E23 /* CityListViewController.m */; };
/* End PBXBuildFile section */

/* Begin PBXContainerItemProxy section */
		14CE5FD51A74CF8400A19C36 /* PBXContainerItemProxy */ = {
			isa = PBXContainerItemProxy;
			containerPortal = 14CE5FB01A74CF8400A19C36 /* Project object */;
			proxyType = 1;
			remoteGlobalIDString = 14CE5FB71A74CF8400A19C36;
			remoteInfo = Post;
		};
/* End PBXContainerItemProxy section */

/* Begin PBXFileReference section */
		142B224D1A7DCE3000363BD9 /* DetailedAddressViewController.h */ = {isa = PBXFileReference; fileEncoding = 4; lastKnownFileType = sourcecode.c.h; name = DetailedAddressViewController.h; path = Post/DetailedAddressViewController.h; sourceTree = "<group>"; };
		142B224E1A7DCE3000363BD9 /* DetailedAddressViewController.m */ = {isa = PBXFileReference; fileEncoding = 4; lastKnownFileType = sourcecode.c.objc; name = DetailedAddressViewController.m; path = Post/DetailedAddressViewController.m; sourceTree = "<group>"; };
		142B22501A7DD4AA00363BD9 /* HZAreaPickerView.h */ = {isa = PBXFileReference; fileEncoding = 4; lastKnownFileType = sourcecode.c.h; path = HZAreaPickerView.h; sourceTree = "<group>"; };
		142B22511A7DD4AA00363BD9 /* HZAreaPickerView.m */ = {isa = PBXFileReference; fileEncoding = 4; lastKnownFileType = sourcecode.c.objc; path = HZAreaPickerView.m; sourceTree = "<group>"; };
		142B22531A7DD67200363BD9 /* HZAreaPickerView.xib */ = {isa = PBXFileReference; fileEncoding = 4; lastKnownFileType = file.xib; path = HZAreaPickerView.xib; sourceTree = "<group>"; };
		142B22571A7DD84100363BD9 /* area.plist */ = {isa = PBXFileReference; fileEncoding = 4; lastKnownFileType = text.plist.xml; path = area.plist; sourceTree = "<group>"; };
		142B22591A7E34BD00363BD9 /* LoginViewController.h */ = {isa = PBXFileReference; fileEncoding = 4; lastKnownFileType = sourcecode.c.h; name = LoginViewController.h; path = Post/LoginViewController.h; sourceTree = "<group>"; };
		142B225A1A7E34BD00363BD9 /* LoginViewController.m */ = {isa = PBXFileReference; fileEncoding = 4; lastKnownFileType = sourcecode.c.objc; name = LoginViewController.m; path = Post/LoginViewController.m; sourceTree = "<group>"; };
		143770271A74DF17005084CE /* IntroduceViewController.h */ = {isa = PBXFileReference; fileEncoding = 4; lastKnownFileType = sourcecode.c.h; path = IntroduceViewController.h; sourceTree = "<group>"; };
		143770281A74DF17005084CE /* IntroduceViewController.m */ = {isa = PBXFileReference; fileEncoding = 4; lastKnownFileType = sourcecode.c.objc; path = IntroduceViewController.m; sourceTree = "<group>"; };
		144023551A8E35A400321C6F /* GoodsPhotoViewController.h */ = {isa = PBXFileReference; fileEncoding = 4; lastKnownFileType = sourcecode.c.h; name = GoodsPhotoViewController.h; path = Post/GoodsPhotoViewController.h; sourceTree = "<group>"; };
		144023561A8E35A400321C6F /* GoodsPhotoViewController.m */ = {isa = PBXFileReference; fileEncoding = 4; lastKnownFileType = sourcecode.c.objc; name = GoodsPhotoViewController.m; path = Post/GoodsPhotoViewController.m; sourceTree = "<group>"; };
		14408D1D1AA1F17400EC6D79 /* GoodsInComplete_Times_Cell.h */ = {isa = PBXFileReference; fileEncoding = 4; lastKnownFileType = sourcecode.c.h; name = GoodsInComplete_Times_Cell.h; path = Post/GoodsInComplete_Times_Cell.h; sourceTree = "<group>"; };
		14408D1E1AA1F17400EC6D79 /* GoodsInComplete_Times_Cell.m */ = {isa = PBXFileReference; fileEncoding = 4; lastKnownFileType = sourcecode.c.objc; name = GoodsInComplete_Times_Cell.m; path = Post/GoodsInComplete_Times_Cell.m; sourceTree = "<group>"; };
		14408D201AA1F20D00EC6D79 /* GoodsInComplete_State_Cell.h */ = {isa = PBXFileReference; fileEncoding = 4; lastKnownFileType = sourcecode.c.h; name = GoodsInComplete_State_Cell.h; path = Post/GoodsInComplete_State_Cell.h; sourceTree = "<group>"; };
		14408D211AA1F20D00EC6D79 /* GoodsInComplete_State_Cell.m */ = {isa = PBXFileReference; fileEncoding = 4; lastKnownFileType = sourcecode.c.objc; name = GoodsInComplete_State_Cell.m; path = Post/GoodsInComplete_State_Cell.m; sourceTree = "<group>"; };
		14408D231AA1F22300EC6D79 /* GoodsInComplete_Address_Cell.h */ = {isa = PBXFileReference; fileEncoding = 4; lastKnownFileType = sourcecode.c.h; name = GoodsInComplete_Address_Cell.h; path = Post/GoodsInComplete_Address_Cell.h; sourceTree = "<group>"; };
		14408D241AA1F22300EC6D79 /* GoodsInComplete_Address_Cell.m */ = {isa = PBXFileReference; fileEncoding = 4; lastKnownFileType = sourcecode.c.objc; name = GoodsInComplete_Address_Cell.m; path = Post/GoodsInComplete_Address_Cell.m; sourceTree = "<group>"; };
		14408D261AA1FCAE00EC6D79 /* GoodsInCompleteViewController.h */ = {isa = PBXFileReference; fileEncoding = 4; lastKnownFileType = sourcecode.c.h; name = GoodsInCompleteViewController.h; path = Post/GoodsInCompleteViewController.h; sourceTree = "<group>"; };
		14408D271AA1FCAE00EC6D79 /* GoodsInCompleteViewController.m */ = {isa = PBXFileReference; fileEncoding = 4; lastKnownFileType = sourcecode.c.objc; name = GoodsInCompleteViewController.m; path = Post/GoodsInCompleteViewController.m; sourceTree = "<group>"; };
		1441B9E71A8F7EDB003F9142 /* QRCodesViewController.h */ = {isa = PBXFileReference; fileEncoding = 4; lastKnownFileType = sourcecode.c.h; name = QRCodesViewController.h; path = Post/QRCodesViewController.h; sourceTree = "<group>"; };
		1441B9E81A8F7EDB003F9142 /* QRCodesViewController.m */ = {isa = PBXFileReference; fileEncoding = 4; lastKnownFileType = sourcecode.c.objc; name = QRCodesViewController.m; path = Post/QRCodesViewController.m; sourceTree = "<group>"; };
		1443E92D1A9ED37E006BC700 /* SCPopView.h */ = {isa = PBXFileReference; fileEncoding = 4; lastKnownFileType = sourcecode.c.h; name = SCPopView.h; path = Post/SCPopView.h; sourceTree = "<group>"; };
		1443E92E1A9ED37E006BC700 /* SCPopView.m */ = {isa = PBXFileReference; fileEncoding = 4; lastKnownFileType = sourcecode.c.objc; name = SCPopView.m; path = Post/SCPopView.m; sourceTree = "<group>"; };
		1443E9301A9ED3F6006BC700 /* CommonMacro.h */ = {isa = PBXFileReference; fileEncoding = 4; lastKnownFileType = sourcecode.c.h; name = CommonMacro.h; path = Post/CommonMacro.h; sourceTree = "<group>"; };
		1443E9DF1A9EFC07006BC700 /* SCNavTabBar.h */ = {isa = PBXFileReference; fileEncoding = 4; lastKnownFileType = sourcecode.c.h; name = SCNavTabBar.h; path = Post/SCNavTabBar.h; sourceTree = "<group>"; };
		1443E9E01A9EFC07006BC700 /* SCNavTabBar.m */ = {isa = PBXFileReference; fileEncoding = 4; lastKnownFileType = sourcecode.c.objc; name = SCNavTabBar.m; path = Post/SCNavTabBar.m; sourceTree = "<group>"; };
		1443E9E21A9F012E006BC700 /* SCNavTabBarController.h */ = {isa = PBXFileReference; fileEncoding = 4; lastKnownFileType = sourcecode.c.h; name = SCNavTabBarController.h; path = Post/SCNavTabBarController.h; sourceTree = "<group>"; };
		1443E9E31A9F012E006BC700 /* SCNavTabBarController.m */ = {isa = PBXFileReference; fileEncoding = 4; lastKnownFileType = sourcecode.c.objc; name = SCNavTabBarController.m; path = Post/SCNavTabBarController.m; sourceTree = "<group>"; };
		1443E9E51A9F0257006BC700 /* GoodsOrderViewController.h */ = {isa = PBXFileReference; fileEncoding = 4; lastKnownFileType = sourcecode.c.h; name = GoodsOrderViewController.h; path = Post/GoodsOrderViewController.h; sourceTree = "<group>"; };
		1443E9E61A9F0257006BC700 /* GoodsOrderViewController.m */ = {isa = PBXFileReference; fileEncoding = 4; lastKnownFileType = sourcecode.c.objc; name = GoodsOrderViewController.m; path = Post/GoodsOrderViewController.m; sourceTree = "<group>"; };
		1443E9E81A9F1714006BC700 /* GoodsInProgressViewController.h */ = {isa = PBXFileReference; fileEncoding = 4; lastKnownFileType = sourcecode.c.h; name = GoodsInProgressViewController.h; path = Post/GoodsInProgressViewController.h; sourceTree = "<group>"; };
		1443E9E91A9F1714006BC700 /* GoodsInProgressViewController.m */ = {isa = PBXFileReference; fileEncoding = 4; lastKnownFileType = sourcecode.c.objc; name = GoodsInProgressViewController.m; path = Post/GoodsInProgressViewController.m; sourceTree = "<group>"; };
		14456D6D1AAC373F0067068E /* TaskOrderViewController.h */ = {isa = PBXFileReference; fileEncoding = 4; lastKnownFileType = sourcecode.c.h; name = TaskOrderViewController.h; path = Post/TaskOrderViewController.h; sourceTree = "<group>"; };
		14456D6E1AAC373F0067068E /* TaskOrderViewController.m */ = {isa = PBXFileReference; fileEncoding = 4; lastKnownFileType = sourcecode.c.objc; name = TaskOrderViewController.m; path = Post/TaskOrderViewController.m; sourceTree = "<group>"; };
		14456D701AAC3D780067068E /* TaskOrderUnfinishedViewController.h */ = {isa = PBXFileReference; fileEncoding = 4; lastKnownFileType = sourcecode.c.h; name = TaskOrderUnfinishedViewController.h; path = Post/TaskOrderUnfinishedViewController.h; sourceTree = "<group>"; };
		14456D711AAC3D780067068E /* TaskOrderUnfinishedViewController.m */ = {isa = PBXFileReference; fileEncoding = 4; lastKnownFileType = sourcecode.c.objc; name = TaskOrderUnfinishedViewController.m; path = Post/TaskOrderUnfinishedViewController.m; sourceTree = "<group>"; };
		1454D07B1A85F6F1003033D3 /* icon_nav_end.png */ = {isa = PBXFileReference; lastKnownFileType = image.png; name = icon_nav_end.png; path = mapapi.bundle/images/icon_nav_end.png; sourceTree = "<group>"; };
		1454D07C1A85F6F1003033D3 /* icon_nav_start.png */ = {isa = PBXFileReference; lastKnownFileType = image.png; name = icon_nav_start.png; path = mapapi.bundle/images/icon_nav_start.png; sourceTree = "<group>"; };
		1454D07F1A861BF9003033D3 /* icon_nav_end@2x.png */ = {isa = PBXFileReference; lastKnownFileType = image.png; name = "icon_nav_end@2x.png"; path = "mapapi.bundle/images/icon_nav_end@2x.png"; sourceTree = "<group>"; };
		1454D0801A861BF9003033D3 /* icon_nav_start@2x.png */ = {isa = PBXFileReference; lastKnownFileType = image.png; name = "icon_nav_start@2x.png"; path = "mapapi.bundle/images/icon_nav_start@2x.png"; sourceTree = "<group>"; };
		1454D0831A861E57003033D3 /* icon_center_point.png */ = {isa = PBXFileReference; lastKnownFileType = image.png; name = icon_center_point.png; path = mapapi.bundle/images/icon_center_point.png; sourceTree = "<group>"; };
		1454D0841A861E57003033D3 /* icon_center_point@2x.png */ = {isa = PBXFileReference; lastKnownFileType = image.png; name = "icon_center_point@2x.png"; path = "mapapi.bundle/images/icon_center_point@2x.png"; sourceTree = "<group>"; };
		1458F3501A8AF3A900AB04D6 /* Media_Photo.h */ = {isa = PBXFileReference; fileEncoding = 4; lastKnownFileType = sourcecode.c.h; name = Media_Photo.h; path = Post/Media_Photo.h; sourceTree = "<group>"; };
		1458F3511A8AF3A900AB04D6 /* Media_Photo.m */ = {isa = PBXFileReference; fileEncoding = 4; lastKnownFileType = sourcecode.c.objc; name = Media_Photo.m; path = Post/Media_Photo.m; sourceTree = "<group>"; };
		145991291A89D76700710CF2 /* ConfirmTableViewController.h */ = {isa = PBXFileReference; fileEncoding = 4; lastKnownFileType = sourcecode.c.h; name = ConfirmTableViewController.h; path = Post/ConfirmTableViewController.h; sourceTree = "<group>"; };
		1459912A1A89D76700710CF2 /* ConfirmTableViewController.m */ = {isa = PBXFileReference; fileEncoding = 4; lastKnownFileType = sourcecode.c.objc; name = ConfirmTableViewController.m; path = Post/ConfirmTableViewController.m; sourceTree = "<group>"; };
		1459912C1A89DC7F00710CF2 /* PhotoGroupView.h */ = {isa = PBXFileReference; fileEncoding = 4; lastKnownFileType = sourcecode.c.h; name = PhotoGroupView.h; path = Post/PhotoGroupView.h; sourceTree = "<group>"; };
		1459912D1A89DC7F00710CF2 /* PhotoGroupView.m */ = {isa = PBXFileReference; fileEncoding = 4; lastKnownFileType = sourcecode.c.objc; name = PhotoGroupView.m; path = Post/PhotoGroupView.m; sourceTree = "<group>"; };
		145991351A89F42F00710CF2 /* PhotoGroupTableViewCell.h */ = {isa = PBXFileReference; fileEncoding = 4; lastKnownFileType = sourcecode.c.h; name = PhotoGroupTableViewCell.h; path = Post/PhotoGroupTableViewCell.h; sourceTree = "<group>"; };
		145991361A89F42F00710CF2 /* PhotoGroupTableViewCell.m */ = {isa = PBXFileReference; fileEncoding = 4; lastKnownFileType = sourcecode.c.objc; name = PhotoGroupTableViewCell.m; path = Post/PhotoGroupTableViewCell.m; sourceTree = "<group>"; };
		1459ABB11AA088FB0041CEBB /* GoodsInProgress_Order_Cell.h */ = {isa = PBXFileReference; fileEncoding = 4; lastKnownFileType = sourcecode.c.h; name = GoodsInProgress_Order_Cell.h; path = Post/GoodsInProgress_Order_Cell.h; sourceTree = "<group>"; };
		1459ABB21AA088FB0041CEBB /* GoodsInProgress_Order_Cell.m */ = {isa = PBXFileReference; fileEncoding = 4; lastKnownFileType = sourcecode.c.objc; name = GoodsInProgress_Order_Cell.m; path = Post/GoodsInProgress_Order_Cell.m; sourceTree = "<group>"; };
		1459ABB41AA0893E0041CEBB /* GoodsInProgress_GoodsInfo_Cell.h */ = {isa = PBXFileReference; fileEncoding = 4; lastKnownFileType = sourcecode.c.h; name = GoodsInProgress_GoodsInfo_Cell.h; path = Post/GoodsInProgress_GoodsInfo_Cell.h; sourceTree = "<group>"; };
		1459ABB51AA0893E0041CEBB /* GoodsInProgress_GoodsInfo_Cell.m */ = {isa = PBXFileReference; fileEncoding = 4; lastKnownFileType = sourcecode.c.objc; name = GoodsInProgress_GoodsInfo_Cell.m; path = Post/GoodsInProgress_GoodsInfo_Cell.m; sourceTree = "<group>"; };
		1478BE391A83AAAA006B03ED /* OrderTrackViewController.h */ = {isa = PBXFileReference; fileEncoding = 4; lastKnownFileType = sourcecode.c.h; name = OrderTrackViewController.h; path = Post/OrderTrackViewController.h; sourceTree = "<group>"; };
		1478BE3A1A83AAAA006B03ED /* OrderTrackViewController.mm */ = {isa = PBXFileReference; fileEncoding = 4; lastKnownFileType = sourcecode.cpp.objcpp; name = OrderTrackViewController.mm; path = Post/OrderTrackViewController.mm; sourceTree = "<group>"; };
		1483DA061A885293003A3B8B /* OrderTrack_UserItem.xib */ = {isa = PBXFileReference; fileEncoding = 4; lastKnownFileType = file.xib; path = OrderTrack_UserItem.xib; sourceTree = "<group>"; };
		1483DA081A8856CF003A3B8B /* 4-3SMART-BOX-任务_11.png */ = {isa = PBXFileReference; lastKnownFileType = image.png; path = "4-3SMART-BOX-任务_11.png"; sourceTree = "<group>"; };
		1483DA091A8856CF003A3B8B /* 4-4SMART-BOX-消息_启动预警.png */ = {isa = PBXFileReference; lastKnownFileType = image.png; path = "4-4SMART-BOX-消息_启动预警.png"; sourceTree = "<group>"; };
		1483DA0C1A885896003A3B8B /* OrderTrack_UserItem_Cell.h */ = {isa = PBXFileReference; fileEncoding = 4; lastKnownFileType = sourcecode.c.h; name = OrderTrack_UserItem_Cell.h; path = Post/OrderTrack_UserItem_Cell.h; sourceTree = "<group>"; };
		1483DA0D1A885896003A3B8B /* OrderTrack_UserItem_Cell.m */ = {isa = PBXFileReference; fileEncoding = 4; lastKnownFileType = sourcecode.c.objc; name = OrderTrack_UserItem_Cell.m; path = Post/OrderTrack_UserItem_Cell.m; sourceTree = "<group>"; };
		148BC3A71AA5FE3100819910 /* OrderDetailTableViewController.h */ = {isa = PBXFileReference; fileEncoding = 4; lastKnownFileType = sourcecode.c.h; name = OrderDetailTableViewController.h; path = Post/OrderDetailTableViewController.h; sourceTree = "<group>"; };
		148BC3A81AA5FE3100819910 /* OrderDetailTableViewController.m */ = {isa = PBXFileReference; fileEncoding = 4; lastKnownFileType = sourcecode.c.objc; name = OrderDetailTableViewController.m; path = Post/OrderDetailTableViewController.m; sourceTree = "<group>"; };
		14BD14281A7C90E1007F9287 /* MapSearchViewController.h */ = {isa = PBXFileReference; fileEncoding = 4; lastKnownFileType = sourcecode.c.h; name = MapSearchViewController.h; path = Post/MapSearchViewController.h; sourceTree = "<group>"; };
		14BD14291A7C90E1007F9287 /* MapSearchViewController.mm */ = {isa = PBXFileReference; fileEncoding = 4; lastKnownFileType = sourcecode.cpp.objcpp; name = MapSearchViewController.mm; path = Post/MapSearchViewController.mm; sourceTree = "<group>"; };
		14BD142F1A7C91D5007F9287 /* mapapi.bundle */ = {isa = PBXFileReference; lastKnownFileType = "wrapper.plug-in"; path = mapapi.bundle; sourceTree = "<group>"; };
		14BD6BA61A7CC3EE001A8535 /* CLLocationManager+CustomGPS.h */ = {isa = PBXFileReference; fileEncoding = 4; lastKnownFileType = sourcecode.c.h; name = "CLLocationManager+CustomGPS.h"; path = "Post/CLLocationManager+CustomGPS.h"; sourceTree = "<group>"; };
		14BD6BA71A7CC3EE001A8535 /* CLLocationManager+CustomGPS.m */ = {isa = PBXFileReference; fileEncoding = 4; lastKnownFileType = sourcecode.c.objc; name = "CLLocationManager+CustomGPS.m"; path = "Post/CLLocationManager+CustomGPS.m"; sourceTree = "<group>"; };
		14BD6BAC1A7CE61D001A8535 /* icon_direction.png */ = {isa = PBXFileReference; lastKnownFileType = image.png; path = icon_direction.png; sourceTree = "<group>"; };
		14BD6BB11A7CE945001A8535 /* EditCargoInfoTableViewController.h */ = {isa = PBXFileReference; fileEncoding = 4; lastKnownFileType = sourcecode.c.h; name = EditCargoInfoTableViewController.h; path = Post/EditCargoInfoTableViewController.h; sourceTree = "<group>"; };
		14BD6BB21A7CE945001A8535 /* EditCargoInfoTableViewController.m */ = {isa = PBXFileReference; fileEncoding = 4; lastKnownFileType = sourcecode.c.objc; name = EditCargoInfoTableViewController.m; path = Post/EditCargoInfoTableViewController.m; sourceTree = "<group>"; };
		14C40EF21A7BBFA20050FAF4 /* BMapKit.h */ = {isa = PBXFileReference; fileEncoding = 4; lastKnownFileType = sourcecode.c.h; name = BMapKit.h; path = inc/BMapKit.h; sourceTree = "<group>"; };
		14C40EF31A7BBFA20050FAF4 /* BMKActionPaopaoView.h */ = {isa = PBXFileReference; fileEncoding = 4; lastKnownFileType = sourcecode.c.h; name = BMKActionPaopaoView.h; path = inc/BMKActionPaopaoView.h; sourceTree = "<group>"; };
		14C40EF41A7BBFA20050FAF4 /* BMKAnnotation.h */ = {isa = PBXFileReference; fileEncoding = 4; lastKnownFileType = sourcecode.c.h; name = BMKAnnotation.h; path = inc/BMKAnnotation.h; sourceTree = "<group>"; };
		14C40EF51A7BBFA20050FAF4 /* BMKAnnotationView.h */ = {isa = PBXFileReference; fileEncoding = 4; lastKnownFileType = sourcecode.c.h; name = BMKAnnotationView.h; path = inc/BMKAnnotationView.h; sourceTree = "<group>"; };
		14C40EF61A7BBFA20050FAF4 /* BMKArcline.h */ = {isa = PBXFileReference; fileEncoding = 4; lastKnownFileType = sourcecode.c.h; name = BMKArcline.h; path = inc/BMKArcline.h; sourceTree = "<group>"; };
		14C40EF71A7BBFA20050FAF4 /* BMKArclineView.h */ = {isa = PBXFileReference; fileEncoding = 4; lastKnownFileType = sourcecode.c.h; name = BMKArclineView.h; path = inc/BMKArclineView.h; sourceTree = "<group>"; };
		14C40EF81A7BBFA20050FAF4 /* BMKBaseComponent.h */ = {isa = PBXFileReference; fileEncoding = 4; lastKnownFileType = sourcecode.c.h; name = BMKBaseComponent.h; path = inc/BMKBaseComponent.h; sourceTree = "<group>"; };
		14C40EF91A7BBFA20050FAF4 /* BMKBusLineSearch.h */ = {isa = PBXFileReference; fileEncoding = 4; lastKnownFileType = sourcecode.c.h; name = BMKBusLineSearch.h; path = inc/BMKBusLineSearch.h; sourceTree = "<group>"; };
		14C40EFA1A7BBFA20050FAF4 /* BMKBusLineSearchOption.h */ = {isa = PBXFileReference; fileEncoding = 4; lastKnownFileType = sourcecode.c.h; name = BMKBusLineSearchOption.h; path = inc/BMKBusLineSearchOption.h; sourceTree = "<group>"; };
		14C40EFB1A7BBFA20050FAF4 /* BMKCircle.h */ = {isa = PBXFileReference; fileEncoding = 4; lastKnownFileType = sourcecode.c.h; name = BMKCircle.h; path = inc/BMKCircle.h; sourceTree = "<group>"; };
		14C40EFC1A7BBFA20050FAF4 /* BMKCircleView.h */ = {isa = PBXFileReference; fileEncoding = 4; lastKnownFileType = sourcecode.c.h; name = BMKCircleView.h; path = inc/BMKCircleView.h; sourceTree = "<group>"; };
		14C40EFD1A7BBFA20050FAF4 /* BMKCloudPOIList.h */ = {isa = PBXFileReference; fileEncoding = 4; lastKnownFileType = sourcecode.c.h; name = BMKCloudPOIList.h; path = inc/BMKCloudPOIList.h; sourceTree = "<group>"; };
		14C40EFE1A7BBFA20050FAF4 /* BMKCloudSearch.h */ = {isa = PBXFileReference; fileEncoding = 4; lastKnownFileType = sourcecode.c.h; name = BMKCloudSearch.h; path = inc/BMKCloudSearch.h; sourceTree = "<group>"; };
		14C40EFF1A7BBFA20050FAF4 /* BMKCloudSearchComponent.h */ = {isa = PBXFileReference; fileEncoding = 4; lastKnownFileType = sourcecode.c.h; name = BMKCloudSearchComponent.h; path = inc/BMKCloudSearchComponent.h; sourceTree = "<group>"; };
		14C40F001A7BBFA20050FAF4 /* BMKCloudSearchInfo.h */ = {isa = PBXFileReference; fileEncoding = 4; lastKnownFileType = sourcecode.c.h; name = BMKCloudSearchInfo.h; path = inc/BMKCloudSearchInfo.h; sourceTree = "<group>"; };
		14C40F011A7BBFA20050FAF4 /* BMKGeneralDelegate.h */ = {isa = PBXFileReference; fileEncoding = 4; lastKnownFileType = sourcecode.c.h; name = BMKGeneralDelegate.h; path = inc/BMKGeneralDelegate.h; sourceTree = "<group>"; };
		14C40F021A7BBFA20050FAF4 /* BMKGeocodeSearch.h */ = {isa = PBXFileReference; fileEncoding = 4; lastKnownFileType = sourcecode.c.h; name = BMKGeocodeSearch.h; path = inc/BMKGeocodeSearch.h; sourceTree = "<group>"; };
		14C40F031A7BBFA20050FAF4 /* BMKGeocodeSearchOption.h */ = {isa = PBXFileReference; fileEncoding = 4; lastKnownFileType = sourcecode.c.h; name = BMKGeocodeSearchOption.h; path = inc/BMKGeocodeSearchOption.h; sourceTree = "<group>"; };
		14C40F041A7BBFA20050FAF4 /* BMKGeocodeType.h */ = {isa = PBXFileReference; fileEncoding = 4; lastKnownFileType = sourcecode.c.h; name = BMKGeocodeType.h; path = inc/BMKGeocodeType.h; sourceTree = "<group>"; };
		14C40F051A7BBFA20050FAF4 /* BMKGeometry.h */ = {isa = PBXFileReference; fileEncoding = 4; lastKnownFileType = sourcecode.c.h; name = BMKGeometry.h; path = inc/BMKGeometry.h; sourceTree = "<group>"; };
		14C40F061A7BBFA20050FAF4 /* BMKGradient.h */ = {isa = PBXFileReference; fileEncoding = 4; lastKnownFileType = sourcecode.c.h; name = BMKGradient.h; path = inc/BMKGradient.h; sourceTree = "<group>"; };
		14C40F071A7BBFA20050FAF4 /* BMKGroundOverlay.h */ = {isa = PBXFileReference; fileEncoding = 4; lastKnownFileType = sourcecode.c.h; name = BMKGroundOverlay.h; path = inc/BMKGroundOverlay.h; sourceTree = "<group>"; };
		14C40F081A7BBFA20050FAF4 /* BMKGroundOverlayView.h */ = {isa = PBXFileReference; fileEncoding = 4; lastKnownFileType = sourcecode.c.h; name = BMKGroundOverlayView.h; path = inc/BMKGroundOverlayView.h; sourceTree = "<group>"; };
		14C40F091A7BBFA20050FAF4 /* BMKHeatMap.h */ = {isa = PBXFileReference; fileEncoding = 4; lastKnownFileType = sourcecode.c.h; name = BMKHeatMap.h; path = inc/BMKHeatMap.h; sourceTree = "<group>"; };
		14C40F0A1A7BBFA20050FAF4 /* BMKLocationComponent.h */ = {isa = PBXFileReference; fileEncoding = 4; lastKnownFileType = sourcecode.c.h; name = BMKLocationComponent.h; path = inc/BMKLocationComponent.h; sourceTree = "<group>"; };
		14C40F0B1A7BBFA20050FAF4 /* BMKLocationService.h */ = {isa = PBXFileReference; fileEncoding = 4; lastKnownFileType = sourcecode.c.h; name = BMKLocationService.h; path = inc/BMKLocationService.h; sourceTree = "<group>"; };
		14C40F0C1A7BBFA20050FAF4 /* BMKLocationViewDisplayParam.h */ = {isa = PBXFileReference; fileEncoding = 4; lastKnownFileType = sourcecode.c.h; name = BMKLocationViewDisplayParam.h; path = inc/BMKLocationViewDisplayParam.h; sourceTree = "<group>"; };
		14C40F0D1A7BBFA20050FAF4 /* BMKMapComponent.h */ = {isa = PBXFileReference; fileEncoding = 4; lastKnownFileType = sourcecode.c.h; name = BMKMapComponent.h; path = inc/BMKMapComponent.h; sourceTree = "<group>"; };
		14C40F0E1A7BBFA20050FAF4 /* BMKMapManager.h */ = {isa = PBXFileReference; fileEncoding = 4; lastKnownFileType = sourcecode.c.h; name = BMKMapManager.h; path = inc/BMKMapManager.h; sourceTree = "<group>"; };
		14C40F0F1A7BBFA20050FAF4 /* BMKMapStatus.h */ = {isa = PBXFileReference; fileEncoding = 4; lastKnownFileType = sourcecode.c.h; name = BMKMapStatus.h; path = inc/BMKMapStatus.h; sourceTree = "<group>"; };
		14C40F101A7BBFA20050FAF4 /* BMKMapView.h */ = {isa = PBXFileReference; fileEncoding = 4; lastKnownFileType = sourcecode.c.h; name = BMKMapView.h; path = inc/BMKMapView.h; sourceTree = "<group>"; };
		14C40F111A7BBFA20050FAF4 /* BMKMultiPoint.h */ = {isa = PBXFileReference; fileEncoding = 4; lastKnownFileType = sourcecode.c.h; name = BMKMultiPoint.h; path = inc/BMKMultiPoint.h; sourceTree = "<group>"; };
		14C40F121A7BBFA20050FAF4 /* BMKNavigation.h */ = {isa = PBXFileReference; fileEncoding = 4; lastKnownFileType = sourcecode.c.h; name = BMKNavigation.h; path = inc/BMKNavigation.h; sourceTree = "<group>"; };
		14C40F131A7BBFA20050FAF4 /* BMKOfflineMap.h */ = {isa = PBXFileReference; fileEncoding = 4; lastKnownFileType = sourcecode.c.h; name = BMKOfflineMap.h; path = inc/BMKOfflineMap.h; sourceTree = "<group>"; };
		14C40F141A7BBFA20050FAF4 /* BMKOfflineMapType.h */ = {isa = PBXFileReference; fileEncoding = 4; lastKnownFileType = sourcecode.c.h; name = BMKOfflineMapType.h; path = inc/BMKOfflineMapType.h; sourceTree = "<group>"; };
		14C40F151A7BBFA20050FAF4 /* BMKOverlay.h */ = {isa = PBXFileReference; fileEncoding = 4; lastKnownFileType = sourcecode.c.h; name = BMKOverlay.h; path = inc/BMKOverlay.h; sourceTree = "<group>"; };
		14C40F161A7BBFA20050FAF4 /* BMKOverlayGLBasicView.h */ = {isa = PBXFileReference; fileEncoding = 4; lastKnownFileType = sourcecode.c.h; name = BMKOverlayGLBasicView.h; path = inc/BMKOverlayGLBasicView.h; sourceTree = "<group>"; };
		14C40F171A7BBFA20050FAF4 /* BMKOverlayPathView.h */ = {isa = PBXFileReference; fileEncoding = 4; lastKnownFileType = sourcecode.c.h; name = BMKOverlayPathView.h; path = inc/BMKOverlayPathView.h; sourceTree = "<group>"; };
		14C40F181A7BBFA20050FAF4 /* BMKOverlayView.h */ = {isa = PBXFileReference; fileEncoding = 4; lastKnownFileType = sourcecode.c.h; name = BMKOverlayView.h; path = inc/BMKOverlayView.h; sourceTree = "<group>"; };
		14C40F191A7BBFA20050FAF4 /* BMKPinAnnotationView.h */ = {isa = PBXFileReference; fileEncoding = 4; lastKnownFileType = sourcecode.c.h; name = BMKPinAnnotationView.h; path = inc/BMKPinAnnotationView.h; sourceTree = "<group>"; };
		14C40F1A1A7BBFA20050FAF4 /* BMKPointAnnotation.h */ = {isa = PBXFileReference; fileEncoding = 4; lastKnownFileType = sourcecode.c.h; name = BMKPointAnnotation.h; path = inc/BMKPointAnnotation.h; sourceTree = "<group>"; };
		14C40F1B1A7BBFA20050FAF4 /* BMKPoiSearch.h */ = {isa = PBXFileReference; fileEncoding = 4; lastKnownFileType = sourcecode.c.h; name = BMKPoiSearch.h; path = inc/BMKPoiSearch.h; sourceTree = "<group>"; };
		14C40F1C1A7BBFA20050FAF4 /* BMKPoiSearchOption.h */ = {isa = PBXFileReference; fileEncoding = 4; lastKnownFileType = sourcecode.c.h; name = BMKPoiSearchOption.h; path = inc/BMKPoiSearchOption.h; sourceTree = "<group>"; };
		14C40F1D1A7BBFA20050FAF4 /* BMKPoiSearchType.h */ = {isa = PBXFileReference; fileEncoding = 4; lastKnownFileType = sourcecode.c.h; name = BMKPoiSearchType.h; path = inc/BMKPoiSearchType.h; sourceTree = "<group>"; };
		14C40F1E1A7BBFA20050FAF4 /* BMKPolygon.h */ = {isa = PBXFileReference; fileEncoding = 4; lastKnownFileType = sourcecode.c.h; name = BMKPolygon.h; path = inc/BMKPolygon.h; sourceTree = "<group>"; };
		14C40F1F1A7BBFA20050FAF4 /* BMKPolygonView.h */ = {isa = PBXFileReference; fileEncoding = 4; lastKnownFileType = sourcecode.c.h; name = BMKPolygonView.h; path = inc/BMKPolygonView.h; sourceTree = "<group>"; };
		14C40F201A7BBFA20050FAF4 /* BMKPolyline.h */ = {isa = PBXFileReference; fileEncoding = 4; lastKnownFileType = sourcecode.c.h; name = BMKPolyline.h; path = inc/BMKPolyline.h; sourceTree = "<group>"; };
		14C40F211A7BBFA20050FAF4 /* BMKPolylineView.h */ = {isa = PBXFileReference; fileEncoding = 4; lastKnownFileType = sourcecode.c.h; name = BMKPolylineView.h; path = inc/BMKPolylineView.h; sourceTree = "<group>"; };
		14C40F221A7BBFA20050FAF4 /* BMKRouteSearch.h */ = {isa = PBXFileReference; fileEncoding = 4; lastKnownFileType = sourcecode.c.h; name = BMKRouteSearch.h; path = inc/BMKRouteSearch.h; sourceTree = "<group>"; };
		14C40F231A7BBFA20050FAF4 /* BMKRouteSearchOption.h */ = {isa = PBXFileReference; fileEncoding = 4; lastKnownFileType = sourcecode.c.h; name = BMKRouteSearchOption.h; path = inc/BMKRouteSearchOption.h; sourceTree = "<group>"; };
		14C40F241A7BBFA20050FAF4 /* BMKRouteSearchType.h */ = {isa = PBXFileReference; fileEncoding = 4; lastKnownFileType = sourcecode.c.h; name = BMKRouteSearchType.h; path = inc/BMKRouteSearchType.h; sourceTree = "<group>"; };
		14C40F251A7BBFA20050FAF4 /* BMKSearchComponent.h */ = {isa = PBXFileReference; fileEncoding = 4; lastKnownFileType = sourcecode.c.h; name = BMKSearchComponent.h; path = inc/BMKSearchComponent.h; sourceTree = "<group>"; };
		14C40F261A7BBFA20050FAF4 /* BMKShape.h */ = {isa = PBXFileReference; fileEncoding = 4; lastKnownFileType = sourcecode.c.h; name = BMKShape.h; path = inc/BMKShape.h; sourceTree = "<group>"; };
		14C40F271A7BBFA20050FAF4 /* BMKShareURLSearch.h */ = {isa = PBXFileReference; fileEncoding = 4; lastKnownFileType = sourcecode.c.h; name = BMKShareURLSearch.h; path = inc/BMKShareURLSearch.h; sourceTree = "<group>"; };
		14C40F281A7BBFA20050FAF4 /* BMKShareUrlSearchOption.h */ = {isa = PBXFileReference; fileEncoding = 4; lastKnownFileType = sourcecode.c.h; name = BMKShareUrlSearchOption.h; path = inc/BMKShareUrlSearchOption.h; sourceTree = "<group>"; };
		14C40F291A7BBFA20050FAF4 /* BMKSuggestionSearch.h */ = {isa = PBXFileReference; fileEncoding = 4; lastKnownFileType = sourcecode.c.h; name = BMKSuggestionSearch.h; path = inc/BMKSuggestionSearch.h; sourceTree = "<group>"; };
		14C40F2A1A7BBFA20050FAF4 /* BMKSuggestionSearchOption.h */ = {isa = PBXFileReference; fileEncoding = 4; lastKnownFileType = sourcecode.c.h; name = BMKSuggestionSearchOption.h; path = inc/BMKSuggestionSearchOption.h; sourceTree = "<group>"; };
		14C40F2B1A7BBFA20050FAF4 /* BMKTypes.h */ = {isa = PBXFileReference; fileEncoding = 4; lastKnownFileType = sourcecode.c.h; name = BMKTypes.h; path = inc/BMKTypes.h; sourceTree = "<group>"; };
		14C40F2C1A7BBFA20050FAF4 /* BMKUserLocation.h */ = {isa = PBXFileReference; fileEncoding = 4; lastKnownFileType = sourcecode.c.h; name = BMKUserLocation.h; path = inc/BMKUserLocation.h; sourceTree = "<group>"; };
		14C40F2D1A7BBFA20050FAF4 /* BMKUtilsComponent.h */ = {isa = PBXFileReference; fileEncoding = 4; lastKnownFileType = sourcecode.c.h; name = BMKUtilsComponent.h; path = inc/BMKUtilsComponent.h; sourceTree = "<group>"; };
		14C40F2E1A7BBFA20050FAF4 /* BMKVersion.h */ = {isa = PBXFileReference; fileEncoding = 4; lastKnownFileType = sourcecode.c.h; name = BMKVersion.h; path = inc/BMKVersion.h; sourceTree = "<group>"; };
		14C40F321A7BC0800050FAF4 /* libbaidumapapi.a */ = {isa = PBXFileReference; lastKnownFileType = archive.ar; path = libbaidumapapi.a; sourceTree = "<group>"; };
		14C40F341A7BC0800050FAF4 /* libbaidumapapi.a */ = {isa = PBXFileReference; lastKnownFileType = archive.ar; path = libbaidumapapi.a; sourceTree = "<group>"; };
		14C40F371A7BC0D50050FAF4 /* CoreLocation.framework */ = {isa = PBXFileReference; lastKnownFileType = wrapper.framework; name = CoreLocation.framework; path = System/Library/Frameworks/CoreLocation.framework; sourceTree = SDKROOT; };
		14C40F391A7BC0DF0050FAF4 /* QuartzCore.framework */ = {isa = PBXFileReference; lastKnownFileType = wrapper.framework; name = QuartzCore.framework; path = System/Library/Frameworks/QuartzCore.framework; sourceTree = SDKROOT; };
		14C40F3B1A7BC0E70050FAF4 /* SystemConfiguration.framework */ = {isa = PBXFileReference; lastKnownFileType = wrapper.framework; name = SystemConfiguration.framework; path = System/Library/Frameworks/SystemConfiguration.framework; sourceTree = SDKROOT; };
		14C40F3D1A7BC0EF0050FAF4 /* CoreGraphics.framework */ = {isa = PBXFileReference; lastKnownFileType = wrapper.framework; name = CoreGraphics.framework; path = System/Library/Frameworks/CoreGraphics.framework; sourceTree = SDKROOT; };
		14C40F3F1A7BC0F70050FAF4 /* OpenGLES.framework */ = {isa = PBXFileReference; lastKnownFileType = wrapper.framework; name = OpenGLES.framework; path = System/Library/Frameworks/OpenGLES.framework; sourceTree = SDKROOT; };
		14C40F411A7BC0FF0050FAF4 /* MessageUI.framework */ = {isa = PBXFileReference; lastKnownFileType = wrapper.framework; name = MessageUI.framework; path = System/Library/Frameworks/MessageUI.framework; sourceTree = SDKROOT; };
		14C40F431A7BC1070050FAF4 /* Security.framework */ = {isa = PBXFileReference; lastKnownFileType = wrapper.framework; name = Security.framework; path = System/Library/Frameworks/Security.framework; sourceTree = SDKROOT; };
		14CE5FB81A74CF8400A19C36 /* Post.app */ = {isa = PBXFileReference; explicitFileType = wrapper.application; includeInIndex = 0; path = Post.app; sourceTree = BUILT_PRODUCTS_DIR; };
		14CE5FBC1A74CF8400A19C36 /* Info.plist */ = {isa = PBXFileReference; lastKnownFileType = text.plist.xml; path = Info.plist; sourceTree = "<group>"; };
		14CE5FBD1A74CF8400A19C36 /* main.m */ = {isa = PBXFileReference; lastKnownFileType = sourcecode.c.objc; path = main.m; sourceTree = "<group>"; };
		14CE5FBF1A74CF8400A19C36 /* AppDelegate.h */ = {isa = PBXFileReference; lastKnownFileType = sourcecode.c.h; path = AppDelegate.h; sourceTree = "<group>"; };
		14CE5FC01A74CF8400A19C36 /* AppDelegate.mm */ = {isa = PBXFileReference; lastKnownFileType = sourcecode.cpp.objcpp; path = AppDelegate.mm; sourceTree = "<group>"; };
		14CE5FC31A74CF8400A19C36 /* Post.xcdatamodel */ = {isa = PBXFileReference; lastKnownFileType = wrapper.xcdatamodel; path = Post.xcdatamodel; sourceTree = "<group>"; };
		14CE5FC51A74CF8400A19C36 /* ViewController.h */ = {isa = PBXFileReference; lastKnownFileType = sourcecode.c.h; path = ViewController.h; sourceTree = "<group>"; };
		14CE5FC61A74CF8400A19C36 /* ViewController.m */ = {isa = PBXFileReference; lastKnownFileType = sourcecode.c.objc; path = ViewController.m; sourceTree = "<group>"; };
		14CE5FC91A74CF8400A19C36 /* Base */ = {isa = PBXFileReference; lastKnownFileType = file.storyboard; name = Base; path = Base.lproj/Main.storyboard; sourceTree = "<group>"; };
		14CE5FCB1A74CF8400A19C36 /* Images.xcassets */ = {isa = PBXFileReference; lastKnownFileType = folder.assetcatalog; path = Images.xcassets; sourceTree = "<group>"; };
		14CE5FCE1A74CF8400A19C36 /* Base */ = {isa = PBXFileReference; lastKnownFileType = file.xib; name = Base; path = Base.lproj/LaunchScreen.xib; sourceTree = "<group>"; };
		14CE5FD41A74CF8400A19C36 /* PostTests.xctest */ = {isa = PBXFileReference; explicitFileType = wrapper.cfbundle; includeInIndex = 0; path = PostTests.xctest; sourceTree = BUILT_PRODUCTS_DIR; };
		14CE5FD91A74CF8400A19C36 /* Info.plist */ = {isa = PBXFileReference; lastKnownFileType = text.plist.xml; path = Info.plist; sourceTree = "<group>"; };
		14CE5FDA1A74CF8400A19C36 /* PostTests.m */ = {isa = PBXFileReference; lastKnownFileType = sourcecode.c.objc; path = PostTests.m; sourceTree = "<group>"; };
		14CE5FEA1A74D34A00A19C36 /* Default@2x.png */ = {isa = PBXFileReference; lastKnownFileType = image.png; path = "Default@2x.png"; sourceTree = "<group>"; };
		14CE5FEB1A74D34A00A19C36 /* Default-568h@2x.png */ = {isa = PBXFileReference; lastKnownFileType = image.png; path = "Default-568h@2x.png"; sourceTree = "<group>"; };
		14CE5FEC1A74D34A00A19C36 /* 0-SMART-BOX-启动750-1334.png */ = {isa = PBXFileReference; lastKnownFileType = image.png; path = "0-SMART-BOX-启动750-1334.png"; sourceTree = "<group>"; };
		FC670A201AA2F13E000BE7A0 /* SVProgressHUD.h */ = {isa = PBXFileReference; fileEncoding = 4; lastKnownFileType = sourcecode.c.h; name = SVProgressHUD.h; path = Post/SVProgressHUD.h; sourceTree = "<group>"; };
		FC670A211AA2F13E000BE7A0 /* SVProgressHUD.m */ = {isa = PBXFileReference; fileEncoding = 4; lastKnownFileType = sourcecode.c.objc; name = SVProgressHUD.m; path = Post/SVProgressHUD.m; sourceTree = "<group>"; };
		FC7FC7EB1A7875C3004B3909 /* TabBarViewController.h */ = {isa = PBXFileReference; fileEncoding = 4; lastKnownFileType = sourcecode.c.h; name = TabBarViewController.h; path = Post/TabBarViewController.h; sourceTree = "<group>"; };
		FC7FC7EC1A7875C3004B3909 /* TabBarViewController.m */ = {isa = PBXFileReference; fileEncoding = 4; lastKnownFileType = sourcecode.c.objc; name = TabBarViewController.m; path = Post/TabBarViewController.m; sourceTree = "<group>"; };
		FC7FC7F11A787C4B004B3909 /* HomeViewController.h */ = {isa = PBXFileReference; fileEncoding = 4; lastKnownFileType = sourcecode.c.h; name = HomeViewController.h; path = Post/HomeViewController.h; sourceTree = "<group>"; };
		FC7FC7F21A787C4B004B3909 /* HomeViewController.m */ = {isa = PBXFileReference; fileEncoding = 4; lastKnownFileType = sourcecode.c.objc; name = HomeViewController.m; path = Post/HomeViewController.m; sourceTree = "<group>"; };
		FC7FC7F41A788972004B3909 /* RegisterViewController.h */ = {isa = PBXFileReference; fileEncoding = 4; lastKnownFileType = sourcecode.c.h; name = RegisterViewController.h; path = Post/RegisterViewController.h; sourceTree = "<group>"; };
		FC7FC7F51A788972004B3909 /* RegisterViewController.m */ = {isa = PBXFileReference; fileEncoding = 4; lastKnownFileType = sourcecode.c.objc; name = RegisterViewController.m; path = Post/RegisterViewController.m; sourceTree = "<group>"; };
		FC81BC801A7A0D4500D6C78F /* Custom_ScrollImageView.h */ = {isa = PBXFileReference; fileEncoding = 4; lastKnownFileType = sourcecode.c.h; path = Custom_ScrollImageView.h; sourceTree = "<group>"; };
		FC81BC811A7A0D4500D6C78F /* Custom_ScrollImageView.m */ = {isa = PBXFileReference; fileEncoding = 4; lastKnownFileType = sourcecode.c.objc; path = Custom_ScrollImageView.m; sourceTree = "<group>"; };
		FC81BC841A7A0E6B00D6C78F /* 1.JPG */ = {isa = PBXFileReference; lastKnownFileType = image.jpeg; path = 1.JPG; sourceTree = "<group>"; };
		FC81BC851A7A0E6B00D6C78F /* 2.JPG */ = {isa = PBXFileReference; lastKnownFileType = image.jpeg; path = 2.JPG; sourceTree = "<group>"; };
		FC81BC861A7A0E6B00D6C78F /* 3.JPG */ = {isa = PBXFileReference; lastKnownFileType = image.jpeg; path = 3.JPG; sourceTree = "<group>"; };
		FC81BC871A7A0E6B00D6C78F /* 4.JPG */ = {isa = PBXFileReference; lastKnownFileType = image.jpeg; path = 4.JPG; sourceTree = "<group>"; };
		FC81BC881A7A0E6B00D6C78F /* 5.jpg */ = {isa = PBXFileReference; lastKnownFileType = image.jpeg; path = 5.jpg; sourceTree = "<group>"; };
		FC81BC921A7A389800D6C78F /* 2-1SMART-BOX-导航按钮_救援-d.png */ = {isa = PBXFileReference; lastKnownFileType = image.png; path = "2-1SMART-BOX-导航按钮_救援-d.png"; sourceTree = "<group>"; };
		FC81BC931A7A389800D6C78F /* 2-1SMART-BOX-导航按钮_行驶-d.png */ = {isa = PBXFileReference; lastKnownFileType = image.png; path = "2-1SMART-BOX-导航按钮_行驶-d.png"; sourceTree = "<group>"; };
		FC821BA01AA4561700F4B0C9 /* GoodsInCancleViewController.h */ = {isa = PBXFileReference; fileEncoding = 4; lastKnownFileType = sourcecode.c.h; name = GoodsInCancleViewController.h; path = Post/GoodsInCancleViewController.h; sourceTree = "<group>"; };
		FC821BA11AA4561700F4B0C9 /* GoodsInCancleViewController.m */ = {isa = PBXFileReference; fileEncoding = 4; lastKnownFileType = sourcecode.c.objc; name = GoodsInCancleViewController.m; path = Post/GoodsInCancleViewController.m; sourceTree = "<group>"; };
		FC821BA31AA45AC500F4B0C9 /* GoodsInCancle_State_Cell.h */ = {isa = PBXFileReference; fileEncoding = 4; lastKnownFileType = sourcecode.c.h; name = GoodsInCancle_State_Cell.h; path = Post/GoodsInCancle_State_Cell.h; sourceTree = "<group>"; };
		FC821BA41AA45AC500F4B0C9 /* GoodsInCancle_State_Cell.m */ = {isa = PBXFileReference; fileEncoding = 4; lastKnownFileType = sourcecode.c.objc; name = GoodsInCancle_State_Cell.m; path = Post/GoodsInCancle_State_Cell.m; sourceTree = "<group>"; };
		FC98FBB61AAD8B66005E2DB0 /* ConfirmDeliveryViewController.h */ = {isa = PBXFileReference; fileEncoding = 4; lastKnownFileType = sourcecode.c.h; name = ConfirmDeliveryViewController.h; path = Post/ConfirmDeliveryViewController.h; sourceTree = "<group>"; };
		FC98FBB71AAD8B66005E2DB0 /* ConfirmDeliveryViewController.m */ = {isa = PBXFileReference; fileEncoding = 4; lastKnownFileType = sourcecode.c.objc; name = ConfirmDeliveryViewController.m; path = Post/ConfirmDeliveryViewController.m; sourceTree = "<group>"; };
		FCD6C5B41AA2FCC3008D5E23 /* GMDCircleLoader.h */ = {isa = PBXFileReference; fileEncoding = 4; lastKnownFileType = sourcecode.c.h; name = GMDCircleLoader.h; path = Post/GMDCircleLoader.h; sourceTree = "<group>"; };
		FCD6C5B51AA2FCC3008D5E23 /* GMDCircleLoader.m */ = {isa = PBXFileReference; fileEncoding = 4; lastKnownFileType = sourcecode.c.objc; name = GMDCircleLoader.m; path = Post/GMDCircleLoader.m; sourceTree = "<group>"; };
		FCD6C5B71AA3144C008D5E23 /* citydict.plist */ = {isa = PBXFileReference; fileEncoding = 4; lastKnownFileType = text.plist.xml; path = citydict.plist; sourceTree = "<group>"; };
		FCD6C5B91AA31616008D5E23 /* CityListViewController.h */ = {isa = PBXFileReference; fileEncoding = 4; lastKnownFileType = sourcecode.c.h; name = CityListViewController.h; path = Post/CityListViewController.h; sourceTree = "<group>"; };
		FCD6C5BA1AA31616008D5E23 /* CityListViewController.m */ = {isa = PBXFileReference; fileEncoding = 4; lastKnownFileType = sourcecode.c.objc; name = CityListViewController.m; path = Post/CityListViewController.m; sourceTree = "<group>"; };
/* End PBXFileReference section */

/* Begin PBXFrameworksBuildPhase section */
		14CE5FB51A74CF8400A19C36 /* Frameworks */ = {
			isa = PBXFrameworksBuildPhase;
			buildActionMask = 2147483647;
			files = (
				14C40F441A7BC1070050FAF4 /* Security.framework in Frameworks */,
				14C40F421A7BC0FF0050FAF4 /* MessageUI.framework in Frameworks */,
				14C40F401A7BC0F70050FAF4 /* OpenGLES.framework in Frameworks */,
				14C40F3E1A7BC0EF0050FAF4 /* CoreGraphics.framework in Frameworks */,
				14C40F3C1A7BC0E70050FAF4 /* SystemConfiguration.framework in Frameworks */,
				14C40F3A1A7BC0DF0050FAF4 /* QuartzCore.framework in Frameworks */,
				14C40F381A7BC0D50050FAF4 /* CoreLocation.framework in Frameworks */,
				14C40F351A7BC0800050FAF4 /* libbaidumapapi.a in Frameworks */,
				14C40F361A7BC0800050FAF4 /* libbaidumapapi.a in Frameworks */,
			);
			runOnlyForDeploymentPostprocessing = 0;
		};
		14CE5FD11A74CF8400A19C36 /* Frameworks */ = {
			isa = PBXFrameworksBuildPhase;
			buildActionMask = 2147483647;
			files = (
			);
			runOnlyForDeploymentPostprocessing = 0;
		};
/* End PBXFrameworksBuildPhase section */

/* Begin PBXGroup section */
		142B22551A7DD81A00363BD9 /* Data */ = {
			isa = PBXGroup;
			children = (
				142B22561A7DD82400363BD9 /* city */,
			);
			name = Data;
			sourceTree = "<group>";
		};
		142B22561A7DD82400363BD9 /* city */ = {
			isa = PBXGroup;
			children = (
				FCD6C5B71AA3144C008D5E23 /* citydict.plist */,
				142B22571A7DD84100363BD9 /* area.plist */,
			);
			name = city;
			sourceTree = "<group>";
		};
		14408D1C1AA1EEC500EC6D79 /* TableViewCell */ = {
			isa = PBXGroup;
			children = (
				1483DA061A885293003A3B8B /* OrderTrack_UserItem.xib */,
				1483DA0C1A885896003A3B8B /* OrderTrack_UserItem_Cell.h */,
				1483DA0D1A885896003A3B8B /* OrderTrack_UserItem_Cell.m */,
				145991351A89F42F00710CF2 /* PhotoGroupTableViewCell.h */,
				145991361A89F42F00710CF2 /* PhotoGroupTableViewCell.m */,
				1459ABB11AA088FB0041CEBB /* GoodsInProgress_Order_Cell.h */,
				1459ABB21AA088FB0041CEBB /* GoodsInProgress_Order_Cell.m */,
				1459ABB41AA0893E0041CEBB /* GoodsInProgress_GoodsInfo_Cell.h */,
				1459ABB51AA0893E0041CEBB /* GoodsInProgress_GoodsInfo_Cell.m */,
				14408D1D1AA1F17400EC6D79 /* GoodsInComplete_Times_Cell.h */,
				14408D1E1AA1F17400EC6D79 /* GoodsInComplete_Times_Cell.m */,
				14408D201AA1F20D00EC6D79 /* GoodsInComplete_State_Cell.h */,
				14408D211AA1F20D00EC6D79 /* GoodsInComplete_State_Cell.m */,
				14408D231AA1F22300EC6D79 /* GoodsInComplete_Address_Cell.h */,
				14408D241AA1F22300EC6D79 /* GoodsInComplete_Address_Cell.m */,
				FC821BA31AA45AC500F4B0C9 /* GoodsInCancle_State_Cell.h */,
				FC821BA41AA45AC500F4B0C9 /* GoodsInCancle_State_Cell.m */,
			);
			name = TableViewCell;
			sourceTree = "<group>";
		};
		1458F34F1A8AF35500AB04D6 /* Share */ = {
			isa = PBXGroup;
			children = (
				1443E9301A9ED3F6006BC700 /* CommonMacro.h */,
				1458F3501A8AF3A900AB04D6 /* Media_Photo.h */,
				1458F3511A8AF3A900AB04D6 /* Media_Photo.m */,
			);
			name = Share;
			sourceTree = "<group>";
		};
		14BD6BA21A7C9295001A8535 /* framework */ = {
			isa = PBXGroup;
			children = (
				14C40F431A7BC1070050FAF4 /* Security.framework */,
				14C40F411A7BC0FF0050FAF4 /* MessageUI.framework */,
				14C40F3F1A7BC0F70050FAF4 /* OpenGLES.framework */,
				14C40F3D1A7BC0EF0050FAF4 /* CoreGraphics.framework */,
				14C40F3B1A7BC0E70050FAF4 /* SystemConfiguration.framework */,
				14C40F391A7BC0DF0050FAF4 /* QuartzCore.framework */,
				14C40F371A7BC0D50050FAF4 /* CoreLocation.framework */,
			);
			name = framework;
			sourceTree = "<group>";
		};
		14C40EF01A7BBF3A0050FAF4 /* OpenCode */ = {
			isa = PBXGroup;
			children = (
				14C40EF11A7BBF440050FAF4 /* BaiduMap */,
			);
			name = OpenCode;
			sourceTree = "<group>";
		};
		14C40EF11A7BBF440050FAF4 /* BaiduMap */ = {
			isa = PBXGroup;
			children = (
				14C40F301A7BC0800050FAF4 /* libs */,
				14C40F2F1A7BBFB00050FAF4 /* inc */,
			);
			name = BaiduMap;
			sourceTree = "<group>";
		};
		14C40F2F1A7BBFB00050FAF4 /* inc */ = {
			isa = PBXGroup;
			children = (
				14C40EF21A7BBFA20050FAF4 /* BMapKit.h */,
				14C40EF31A7BBFA20050FAF4 /* BMKActionPaopaoView.h */,
				14C40EF41A7BBFA20050FAF4 /* BMKAnnotation.h */,
				14C40EF51A7BBFA20050FAF4 /* BMKAnnotationView.h */,
				14C40EF61A7BBFA20050FAF4 /* BMKArcline.h */,
				14C40EF71A7BBFA20050FAF4 /* BMKArclineView.h */,
				14C40EF81A7BBFA20050FAF4 /* BMKBaseComponent.h */,
				14C40EF91A7BBFA20050FAF4 /* BMKBusLineSearch.h */,
				14C40EFA1A7BBFA20050FAF4 /* BMKBusLineSearchOption.h */,
				14C40EFB1A7BBFA20050FAF4 /* BMKCircle.h */,
				14C40EFC1A7BBFA20050FAF4 /* BMKCircleView.h */,
				14C40EFD1A7BBFA20050FAF4 /* BMKCloudPOIList.h */,
				14C40EFE1A7BBFA20050FAF4 /* BMKCloudSearch.h */,
				14C40EFF1A7BBFA20050FAF4 /* BMKCloudSearchComponent.h */,
				14C40F001A7BBFA20050FAF4 /* BMKCloudSearchInfo.h */,
				14C40F011A7BBFA20050FAF4 /* BMKGeneralDelegate.h */,
				14C40F021A7BBFA20050FAF4 /* BMKGeocodeSearch.h */,
				14C40F031A7BBFA20050FAF4 /* BMKGeocodeSearchOption.h */,
				14C40F041A7BBFA20050FAF4 /* BMKGeocodeType.h */,
				14C40F051A7BBFA20050FAF4 /* BMKGeometry.h */,
				14C40F061A7BBFA20050FAF4 /* BMKGradient.h */,
				14C40F071A7BBFA20050FAF4 /* BMKGroundOverlay.h */,
				14C40F081A7BBFA20050FAF4 /* BMKGroundOverlayView.h */,
				14C40F091A7BBFA20050FAF4 /* BMKHeatMap.h */,
				14C40F0A1A7BBFA20050FAF4 /* BMKLocationComponent.h */,
				14C40F0B1A7BBFA20050FAF4 /* BMKLocationService.h */,
				14C40F0C1A7BBFA20050FAF4 /* BMKLocationViewDisplayParam.h */,
				14C40F0D1A7BBFA20050FAF4 /* BMKMapComponent.h */,
				14C40F0E1A7BBFA20050FAF4 /* BMKMapManager.h */,
				14C40F0F1A7BBFA20050FAF4 /* BMKMapStatus.h */,
				14C40F101A7BBFA20050FAF4 /* BMKMapView.h */,
				14C40F111A7BBFA20050FAF4 /* BMKMultiPoint.h */,
				14C40F121A7BBFA20050FAF4 /* BMKNavigation.h */,
				14C40F131A7BBFA20050FAF4 /* BMKOfflineMap.h */,
				14C40F141A7BBFA20050FAF4 /* BMKOfflineMapType.h */,
				14C40F151A7BBFA20050FAF4 /* BMKOverlay.h */,
				14C40F161A7BBFA20050FAF4 /* BMKOverlayGLBasicView.h */,
				14C40F171A7BBFA20050FAF4 /* BMKOverlayPathView.h */,
				14C40F181A7BBFA20050FAF4 /* BMKOverlayView.h */,
				14C40F191A7BBFA20050FAF4 /* BMKPinAnnotationView.h */,
				14C40F1A1A7BBFA20050FAF4 /* BMKPointAnnotation.h */,
				14C40F1B1A7BBFA20050FAF4 /* BMKPoiSearch.h */,
				14C40F1C1A7BBFA20050FAF4 /* BMKPoiSearchOption.h */,
				14C40F1D1A7BBFA20050FAF4 /* BMKPoiSearchType.h */,
				14C40F1E1A7BBFA20050FAF4 /* BMKPolygon.h */,
				14C40F1F1A7BBFA20050FAF4 /* BMKPolygonView.h */,
				14C40F201A7BBFA20050FAF4 /* BMKPolyline.h */,
				14C40F211A7BBFA20050FAF4 /* BMKPolylineView.h */,
				14C40F221A7BBFA20050FAF4 /* BMKRouteSearch.h */,
				14C40F231A7BBFA20050FAF4 /* BMKRouteSearchOption.h */,
				14C40F241A7BBFA20050FAF4 /* BMKRouteSearchType.h */,
				14C40F251A7BBFA20050FAF4 /* BMKSearchComponent.h */,
				14C40F261A7BBFA20050FAF4 /* BMKShape.h */,
				14C40F271A7BBFA20050FAF4 /* BMKShareURLSearch.h */,
				14C40F281A7BBFA20050FAF4 /* BMKShareUrlSearchOption.h */,
				14C40F291A7BBFA20050FAF4 /* BMKSuggestionSearch.h */,
				14C40F2A1A7BBFA20050FAF4 /* BMKSuggestionSearchOption.h */,
				14C40F2B1A7BBFA20050FAF4 /* BMKTypes.h */,
				14C40F2C1A7BBFA20050FAF4 /* BMKUserLocation.h */,
				14C40F2D1A7BBFA20050FAF4 /* BMKUtilsComponent.h */,
				14C40F2E1A7BBFA20050FAF4 /* BMKVersion.h */,
			);
			name = inc;
			sourceTree = "<group>";
		};
		14C40F301A7BC0800050FAF4 /* libs */ = {
			isa = PBXGroup;
			children = (
				14C40F311A7BC0800050FAF4 /* Release-iphoneos */,
				14C40F331A7BC0800050FAF4 /* Release-iphonesimulator */,
			);
			path = libs;
			sourceTree = "<group>";
		};
		14C40F311A7BC0800050FAF4 /* Release-iphoneos */ = {
			isa = PBXGroup;
			children = (
				14C40F321A7BC0800050FAF4 /* libbaidumapapi.a */,
			);
			path = "Release-iphoneos";
			sourceTree = "<group>";
		};
		14C40F331A7BC0800050FAF4 /* Release-iphonesimulator */ = {
			isa = PBXGroup;
			children = (
				14C40F341A7BC0800050FAF4 /* libbaidumapapi.a */,
			);
			path = "Release-iphonesimulator";
			sourceTree = "<group>";
		};
		14CE5FAF1A74CF8400A19C36 = {
			isa = PBXGroup;
			children = (
				14BD6BA21A7C9295001A8535 /* framework */,
				14C40EF01A7BBF3A0050FAF4 /* OpenCode */,
				14CE5FE71A74D2B700A19C36 /* Resource */,
				14CE5FE61A74CFDF00A19C36 /* Modal */,
				14CE5FE51A74CFD200A19C36 /* ViewModal */,
				1458F34F1A8AF35500AB04D6 /* Share */,
				14CE5FE41A74CFC000A19C36 /* View */,
				14CE5FBA1A74CF8400A19C36 /* Post */,
				14CE5FD71A74CF8400A19C36 /* PostTests */,
				14CE5FB91A74CF8400A19C36 /* Products */,
			);
			sourceTree = "<group>";
		};
		14CE5FB91A74CF8400A19C36 /* Products */ = {
			isa = PBXGroup;
			children = (
				14CE5FB81A74CF8400A19C36 /* Post.app */,
				14CE5FD41A74CF8400A19C36 /* PostTests.xctest */,
			);
			name = Products;
			sourceTree = "<group>";
		};
		14CE5FBA1A74CF8400A19C36 /* Post */ = {
			isa = PBXGroup;
			children = (
				14CE5FBF1A74CF8400A19C36 /* AppDelegate.h */,
				14CE5FC01A74CF8400A19C36 /* AppDelegate.mm */,
				14CE5FC51A74CF8400A19C36 /* ViewController.h */,
				14CE5FC61A74CF8400A19C36 /* ViewController.m */,
				14CE5FC81A74CF8400A19C36 /* Main.storyboard */,
				14CE5FCB1A74CF8400A19C36 /* Images.xcassets */,
				14CE5FCD1A74CF8400A19C36 /* LaunchScreen.xib */,
				14CE5FC21A74CF8400A19C36 /* Post.xcdatamodeld */,
				14CE5FBB1A74CF8400A19C36 /* Supporting Files */,
			);
			path = Post;
			sourceTree = "<group>";
		};
		14CE5FBB1A74CF8400A19C36 /* Supporting Files */ = {
			isa = PBXGroup;
			children = (
				14CE5FBC1A74CF8400A19C36 /* Info.plist */,
				14CE5FBD1A74CF8400A19C36 /* main.m */,
			);
			name = "Supporting Files";
			sourceTree = "<group>";
		};
		14CE5FD71A74CF8400A19C36 /* PostTests */ = {
			isa = PBXGroup;
			children = (
				14CE5FDA1A74CF8400A19C36 /* PostTests.m */,
				14CE5FD81A74CF8400A19C36 /* Supporting Files */,
			);
			path = PostTests;
			sourceTree = "<group>";
		};
		14CE5FD81A74CF8400A19C36 /* Supporting Files */ = {
			isa = PBXGroup;
			children = (
				14CE5FD91A74CF8400A19C36 /* Info.plist */,
			);
			name = "Supporting Files";
			sourceTree = "<group>";
		};
		14CE5FE41A74CFC000A19C36 /* View */ = {
			isa = PBXGroup;
			children = (
				FC81BC7F1A7A0D0A00D6C78F /* Coustom */,
				FC7FC7EB1A7875C3004B3909 /* TabBarViewController.h */,
				FC7FC7EC1A7875C3004B3909 /* TabBarViewController.m */,
				143770271A74DF17005084CE /* IntroduceViewController.h */,
				143770281A74DF17005084CE /* IntroduceViewController.m */,
				FC7FC7F11A787C4B004B3909 /* HomeViewController.h */,
				FC7FC7F21A787C4B004B3909 /* HomeViewController.m */,
				FC7FC7F41A788972004B3909 /* RegisterViewController.h */,
				FC7FC7F51A788972004B3909 /* RegisterViewController.m */,
				14BD14281A7C90E1007F9287 /* MapSearchViewController.h */,
				14BD14291A7C90E1007F9287 /* MapSearchViewController.mm */,
				14BD6BB11A7CE945001A8535 /* EditCargoInfoTableViewController.h */,
				14BD6BB21A7CE945001A8535 /* EditCargoInfoTableViewController.m */,
				142B224D1A7DCE3000363BD9 /* DetailedAddressViewController.h */,
				142B224E1A7DCE3000363BD9 /* DetailedAddressViewController.m */,
				142B22591A7E34BD00363BD9 /* LoginViewController.h */,
				142B225A1A7E34BD00363BD9 /* LoginViewController.m */,
				1478BE391A83AAAA006B03ED /* OrderTrackViewController.h */,
				1478BE3A1A83AAAA006B03ED /* OrderTrackViewController.mm */,
				145991291A89D76700710CF2 /* ConfirmTableViewController.h */,
				1459912A1A89D76700710CF2 /* ConfirmTableViewController.m */,
				144023551A8E35A400321C6F /* GoodsPhotoViewController.h */,
				144023561A8E35A400321C6F /* GoodsPhotoViewController.m */,
				1443E9E51A9F0257006BC700 /* GoodsOrderViewController.h */,
				1443E9E61A9F0257006BC700 /* GoodsOrderViewController.m */,
				1443E9E81A9F1714006BC700 /* GoodsInProgressViewController.h */,
				1443E9E91A9F1714006BC700 /* GoodsInProgressViewController.m */,
				14408D261AA1FCAE00EC6D79 /* GoodsInCompleteViewController.h */,
				14408D271AA1FCAE00EC6D79 /* GoodsInCompleteViewController.m */,
				FC821BA01AA4561700F4B0C9 /* GoodsInCancleViewController.h */,
				FC821BA11AA4561700F4B0C9 /* GoodsInCancleViewController.m */,
				148BC3A71AA5FE3100819910 /* OrderDetailTableViewController.h */,
				148BC3A81AA5FE3100819910 /* OrderDetailTableViewController.m */,
				14456D6D1AAC373F0067068E /* TaskOrderViewController.h */,
				14456D6E1AAC373F0067068E /* TaskOrderViewController.m */,
				14456D701AAC3D780067068E /* TaskOrderUnfinishedViewController.h */,
				14456D711AAC3D780067068E /* TaskOrderUnfinishedViewController.m */,
				FC98FBB61AAD8B66005E2DB0 /* ConfirmDeliveryViewController.h */,
				FC98FBB71AAD8B66005E2DB0 /* ConfirmDeliveryViewController.m */,
			);
			name = View;
			sourceTree = "<group>";
		};
		14CE5FE51A74CFD200A19C36 /* ViewModal */ = {
			isa = PBXGroup;
			children = (
			);
			name = ViewModal;
			sourceTree = "<group>";
		};
		14CE5FE61A74CFDF00A19C36 /* Modal */ = {
			isa = PBXGroup;
			children = (
			);
			name = Modal;
			sourceTree = "<group>";
		};
		14CE5FE71A74D2B700A19C36 /* Resource */ = {
			isa = PBXGroup;
			children = (
				142B22551A7DD81A00363BD9 /* Data */,
				14CE5FE91A74D33800A19C36 /* Image */,
			);
			name = Resource;
			sourceTree = "<group>";
		};
		14CE5FE81A74D32D00A19C36 /* Introduce */ = {
			isa = PBXGroup;
			children = (
				14CE5FEC1A74D34A00A19C36 /* 0-SMART-BOX-启动750-1334.png */,
				14CE5FEB1A74D34A00A19C36 /* Default-568h@2x.png */,
				14CE5FEA1A74D34A00A19C36 /* Default@2x.png */,
			);
			name = Introduce;
			sourceTree = "<group>";
		};
		14CE5FE91A74D33800A19C36 /* Image */ = {
			isa = PBXGroup;
			children = (
				1483DA081A8856CF003A3B8B /* 4-3SMART-BOX-任务_11.png */,
				1483DA091A8856CF003A3B8B /* 4-4SMART-BOX-消息_启动预警.png */,
				1454D0831A861E57003033D3 /* icon_center_point.png */,
				1454D0841A861E57003033D3 /* icon_center_point@2x.png */,
				14BD6BAC1A7CE61D001A8535 /* icon_direction.png */,
				14BD142F1A7C91D5007F9287 /* mapapi.bundle */,
				FC81BC921A7A389800D6C78F /* 2-1SMART-BOX-导航按钮_救援-d.png */,
				FC81BC931A7A389800D6C78F /* 2-1SMART-BOX-导航按钮_行驶-d.png */,
				1454D07B1A85F6F1003033D3 /* icon_nav_end.png */,
				1454D07C1A85F6F1003033D3 /* icon_nav_start.png */,
				1454D07F1A861BF9003033D3 /* icon_nav_end@2x.png */,
				1454D0801A861BF9003033D3 /* icon_nav_start@2x.png */,
				FC81BC831A7A0E4F00D6C78F /* Home_ScrollImageView */,
				14CE5FE81A74D32D00A19C36 /* Introduce */,
			);
			name = Image;
			sourceTree = "<group>";
		};
		FC81BC7F1A7A0D0A00D6C78F /* Coustom */ = {
			isa = PBXGroup;
			children = (
				FCD6C5B91AA31616008D5E23 /* CityListViewController.h */,
				FCD6C5BA1AA31616008D5E23 /* CityListViewController.m */,
				FCD6C5B41AA2FCC3008D5E23 /* GMDCircleLoader.h */,
				FCD6C5B51AA2FCC3008D5E23 /* GMDCircleLoader.m */,
				1443E9E21A9F012E006BC700 /* SCNavTabBarController.h */,
				1443E9E31A9F012E006BC700 /* SCNavTabBarController.m */,
				FC670A201AA2F13E000BE7A0 /* SVProgressHUD.h */,
				FC670A211AA2F13E000BE7A0 /* SVProgressHUD.m */,
				14408D1C1AA1EEC500EC6D79 /* TableViewCell */,
				1443E9DF1A9EFC07006BC700 /* SCNavTabBar.h */,
				1443E9E01A9EFC07006BC700 /* SCNavTabBar.m */,
				1443E92D1A9ED37E006BC700 /* SCPopView.h */,
				1443E92E1A9ED37E006BC700 /* SCPopView.m */,
				1441B9E71A8F7EDB003F9142 /* QRCodesViewController.h */,
				1441B9E81A8F7EDB003F9142 /* QRCodesViewController.m */,
				FC81BC801A7A0D4500D6C78F /* Custom_ScrollImageView.h */,
				FC81BC811A7A0D4500D6C78F /* Custom_ScrollImageView.m */,
				14BD6BA61A7CC3EE001A8535 /* CLLocationManager+CustomGPS.h */,
				14BD6BA71A7CC3EE001A8535 /* CLLocationManager+CustomGPS.m */,
				142B22501A7DD4AA00363BD9 /* HZAreaPickerView.h */,
				142B22511A7DD4AA00363BD9 /* HZAreaPickerView.m */,
				142B22531A7DD67200363BD9 /* HZAreaPickerView.xib */,
				1459912C1A89DC7F00710CF2 /* PhotoGroupView.h */,
				1459912D1A89DC7F00710CF2 /* PhotoGroupView.m */,
			);
			name = Coustom;
			sourceTree = "<group>";
		};
		FC81BC831A7A0E4F00D6C78F /* Home_ScrollImageView */ = {
			isa = PBXGroup;
			children = (
				FC81BC841A7A0E6B00D6C78F /* 1.JPG */,
				FC81BC851A7A0E6B00D6C78F /* 2.JPG */,
				FC81BC861A7A0E6B00D6C78F /* 3.JPG */,
				FC81BC871A7A0E6B00D6C78F /* 4.JPG */,
				FC81BC881A7A0E6B00D6C78F /* 5.jpg */,
			);
			name = Home_ScrollImageView;
			sourceTree = "<group>";
		};
/* End PBXGroup section */

/* Begin PBXNativeTarget section */
		14CE5FB71A74CF8400A19C36 /* Post */ = {
			isa = PBXNativeTarget;
			buildConfigurationList = 14CE5FDE1A74CF8400A19C36 /* Build configuration list for PBXNativeTarget "Post" */;
			buildPhases = (
				14CE5FB41A74CF8400A19C36 /* Sources */,
				14CE5FB51A74CF8400A19C36 /* Frameworks */,
				14CE5FB61A74CF8400A19C36 /* Resources */,
			);
			buildRules = (
			);
			dependencies = (
			);
			name = Post;
			productName = Post;
			productReference = 14CE5FB81A74CF8400A19C36 /* Post.app */;
			productType = "com.apple.product-type.application";
		};
		14CE5FD31A74CF8400A19C36 /* PostTests */ = {
			isa = PBXNativeTarget;
			buildConfigurationList = 14CE5FE11A74CF8400A19C36 /* Build configuration list for PBXNativeTarget "PostTests" */;
			buildPhases = (
				14CE5FD01A74CF8400A19C36 /* Sources */,
				14CE5FD11A74CF8400A19C36 /* Frameworks */,
				14CE5FD21A74CF8400A19C36 /* Resources */,
			);
			buildRules = (
			);
			dependencies = (
				14CE5FD61A74CF8400A19C36 /* PBXTargetDependency */,
			);
			name = PostTests;
			productName = PostTests;
			productReference = 14CE5FD41A74CF8400A19C36 /* PostTests.xctest */;
			productType = "com.apple.product-type.bundle.unit-test";
		};
/* End PBXNativeTarget section */

/* Begin PBXProject section */
		14CE5FB01A74CF8400A19C36 /* Project object */ = {
			isa = PBXProject;
			attributes = {
				LastUpgradeCheck = 0610;
				ORGANIZATIONNAME = cheng;
				TargetAttributes = {
					14CE5FB71A74CF8400A19C36 = {
						CreatedOnToolsVersion = 6.1;
					};
					14CE5FD31A74CF8400A19C36 = {
						CreatedOnToolsVersion = 6.1;
						TestTargetID = 14CE5FB71A74CF8400A19C36;
					};
				};
			};
			buildConfigurationList = 14CE5FB31A74CF8400A19C36 /* Build configuration list for PBXProject "Post" */;
			compatibilityVersion = "Xcode 3.2";
			developmentRegion = English;
			hasScannedForEncodings = 0;
			knownRegions = (
				en,
				Base,
			);
			mainGroup = 14CE5FAF1A74CF8400A19C36;
			productRefGroup = 14CE5FB91A74CF8400A19C36 /* Products */;
			projectDirPath = "";
			projectRoot = "";
			targets = (
				14CE5FB71A74CF8400A19C36 /* Post */,
				14CE5FD31A74CF8400A19C36 /* PostTests */,
			);
		};
/* End PBXProject section */

/* Begin PBXResourcesBuildPhase section */
		14CE5FB61A74CF8400A19C36 /* Resources */ = {
			isa = PBXResourcesBuildPhase;
			buildActionMask = 2147483647;
			files = (
				1454D0851A861E57003033D3 /* icon_center_point.png in Resources */,
				FC81BC8D1A7A0E6B00D6C78F /* 5.jpg in Resources */,
				14CE5FED1A74D34A00A19C36 /* Default@2x.png in Resources */,
				142B22581A7DD84100363BD9 /* area.plist in Resources */,
				14BD6BAD1A7CE61D001A8535 /* icon_direction.png in Resources */,
				1454D0821A861BF9003033D3 /* icon_nav_start@2x.png in Resources */,
				14CE5FEE1A74D34A00A19C36 /* Default-568h@2x.png in Resources */,
				1454D0861A861E57003033D3 /* icon_center_point@2x.png in Resources */,
				FC81BC891A7A0E6B00D6C78F /* 1.JPG in Resources */,
				1483DA0B1A8856CF003A3B8B /* 4-4SMART-BOX-消息_启动预警.png in Resources */,
				FCD6C5B81AA3144C008D5E23 /* citydict.plist in Resources */,
				14CE5FCA1A74CF8400A19C36 /* Main.storyboard in Resources */,
				FC81BC941A7A389800D6C78F /* 2-1SMART-BOX-导航按钮_救援-d.png in Resources */,
				14CE5FEF1A74D34A00A19C36 /* 0-SMART-BOX-启动750-1334.png in Resources */,
				14CE5FCF1A74CF8400A19C36 /* LaunchScreen.xib in Resources */,
				142B22541A7DD67200363BD9 /* HZAreaPickerView.xib in Resources */,
				FC81BC8C1A7A0E6B00D6C78F /* 4.JPG in Resources */,
				1483DA0A1A8856CF003A3B8B /* 4-3SMART-BOX-任务_11.png in Resources */,
				FC81BC951A7A389800D6C78F /* 2-1SMART-BOX-导航按钮_行驶-d.png in Resources */,
				FC81BC8B1A7A0E6B00D6C78F /* 3.JPG in Resources */,
				FC81BC8A1A7A0E6B00D6C78F /* 2.JPG in Resources */,
				1454D0811A861BF9003033D3 /* icon_nav_end@2x.png in Resources */,
				14CE5FCC1A74CF8400A19C36 /* Images.xcassets in Resources */,
				1454D07D1A85F6F1003033D3 /* icon_nav_end.png in Resources */,
				1454D07E1A85F6F1003033D3 /* icon_nav_start.png in Resources */,
				1483DA071A885293003A3B8B /* OrderTrack_UserItem.xib in Resources */,
				14BD14301A7C91D5007F9287 /* mapapi.bundle in Resources */,
			);
			runOnlyForDeploymentPostprocessing = 0;
		};
		14CE5FD21A74CF8400A19C36 /* Resources */ = {
			isa = PBXResourcesBuildPhase;
			buildActionMask = 2147483647;
			files = (
			);
			runOnlyForDeploymentPostprocessing = 0;
		};
/* End PBXResourcesBuildPhase section */

/* Begin PBXSourcesBuildPhase section */
		14CE5FB41A74CF8400A19C36 /* Sources */ = {
			isa = PBXSourcesBuildPhase;
			buildActionMask = 2147483647;
			files = (
				FC98FBB81AAD8B66005E2DB0 /* ConfirmDeliveryViewController.m in Sources */,
				144023571A8E35A400321C6F /* GoodsPhotoViewController.m in Sources */,
				1459912B1A89D76700710CF2 /* ConfirmTableViewController.m in Sources */,
				14408D221AA1F20D00EC6D79 /* GoodsInComplete_State_Cell.m in Sources */,
				143770291A74DF17005084CE /* IntroduceViewController.m in Sources */,
				1443E9E11A9EFC07006BC700 /* SCNavTabBar.m in Sources */,
				1459ABB31AA088FB0041CEBB /* GoodsInProgress_Order_Cell.m in Sources */,
				FC821BA21AA4561700F4B0C9 /* GoodsInCancleViewController.m in Sources */,
				14456D6F1AAC373F0067068E /* TaskOrderViewController.m in Sources */,
				145991371A89F42F00710CF2 /* PhotoGroupTableViewCell.m in Sources */,
				1443E9EA1A9F1714006BC700 /* GoodsInProgressViewController.m in Sources */,
				142B22521A7DD4AA00363BD9 /* HZAreaPickerView.m in Sources */,
				148BC3A91AA5FE3100819910 /* OrderDetailTableViewController.m in Sources */,
				14408D251AA1F22300EC6D79 /* GoodsInComplete_Address_Cell.m in Sources */,
				1459ABB61AA0893E0041CEBB /* GoodsInProgress_GoodsInfo_Cell.m in Sources */,
				1441B9E91A8F7EDB003F9142 /* QRCodesViewController.m in Sources */,
				14BD142A1A7C90E1007F9287 /* MapSearchViewController.mm in Sources */,
				1443E9E71A9F0257006BC700 /* GoodsOrderViewController.m in Sources */,
				14BD6BB31A7CE945001A8535 /* EditCargoInfoTableViewController.m in Sources */,
				142B224F1A7DCE3000363BD9 /* DetailedAddressViewController.m in Sources */,
				FC821BA51AA45AC500F4B0C9 /* GoodsInCancle_State_Cell.m in Sources */,
				1478BE3B1A83AAAA006B03ED /* OrderTrackViewController.mm in Sources */,
				FC670A221AA2F13E000BE7A0 /* SVProgressHUD.m in Sources */,
				14CE5FC11A74CF8400A19C36 /* AppDelegate.mm in Sources */,
				14CE5FBE1A74CF8400A19C36 /* main.m in Sources */,
				FCD6C5BB1AA31616008D5E23 /* CityListViewController.m in Sources */,
				14408D281AA1FCAE00EC6D79 /* GoodsInCompleteViewController.m in Sources */,
				1443E92F1A9ED37E006BC700 /* SCPopView.m in Sources */,
				14CE5FC71A74CF8400A19C36 /* ViewController.m in Sources */,
				1458F3521A8AF3A900AB04D6 /* Media_Photo.m in Sources */,
				FC7FC7ED1A7875C3004B3909 /* TabBarViewController.m in Sources */,
				FC7FC7F31A787C4B004B3909 /* HomeViewController.m in Sources */,
				14CE5FC41A74CF8400A19C36 /* Post.xcdatamodeld in Sources */,
				1459912E1A89DC7F00710CF2 /* PhotoGroupView.m in Sources */,
				14456D721AAC3D780067068E /* TaskOrderUnfinishedViewController.m in Sources */,
				1483DA0E1A885896003A3B8B /* OrderTrack_UserItem_Cell.m in Sources */,
				FCD6C5B61AA2FCC3008D5E23 /* GMDCircleLoader.m in Sources */,
				FC81BC821A7A0D4500D6C78F /* Custom_ScrollImageView.m in Sources */,
				FC7FC7F61A788972004B3909 /* RegisterViewController.m in Sources */,
				1443E9E41A9F012E006BC700 /* SCNavTabBarController.m in Sources */,
				14408D1F1AA1F17400EC6D79 /* GoodsInComplete_Times_Cell.m in Sources */,
				14BD6BA81A7CC3EE001A8535 /* CLLocationManager+CustomGPS.m in Sources */,
				142B225B1A7E34BD00363BD9 /* LoginViewController.m in Sources */,
			);
			runOnlyForDeploymentPostprocessing = 0;
		};
		14CE5FD01A74CF8400A19C36 /* Sources */ = {
			isa = PBXSourcesBuildPhase;
			buildActionMask = 2147483647;
			files = (
				14CE5FDB1A74CF8400A19C36 /* PostTests.m in Sources */,
			);
			runOnlyForDeploymentPostprocessing = 0;
		};
/* End PBXSourcesBuildPhase section */

/* Begin PBXTargetDependency section */
		14CE5FD61A74CF8400A19C36 /* PBXTargetDependency */ = {
			isa = PBXTargetDependency;
			target = 14CE5FB71A74CF8400A19C36 /* Post */;
			targetProxy = 14CE5FD51A74CF8400A19C36 /* PBXContainerItemProxy */;
		};
/* End PBXTargetDependency section */

/* Begin PBXVariantGroup section */
		14CE5FC81A74CF8400A19C36 /* Main.storyboard */ = {
			isa = PBXVariantGroup;
			children = (
				14CE5FC91A74CF8400A19C36 /* Base */,
			);
			name = Main.storyboard;
			sourceTree = "<group>";
		};
		14CE5FCD1A74CF8400A19C36 /* LaunchScreen.xib */ = {
			isa = PBXVariantGroup;
			children = (
				14CE5FCE1A74CF8400A19C36 /* Base */,
			);
			name = LaunchScreen.xib;
			sourceTree = "<group>";
		};
/* End PBXVariantGroup section */

/* Begin XCBuildConfiguration section */
		14CE5FDC1A74CF8400A19C36 /* Debug */ = {
			isa = XCBuildConfiguration;
			buildSettings = {
				ALWAYS_SEARCH_USER_PATHS = NO;
				CLANG_CXX_LANGUAGE_STANDARD = "gnu++0x";
				CLANG_CXX_LIBRARY = "libc++";
				CLANG_ENABLE_MODULES = YES;
				CLANG_ENABLE_OBJC_ARC = YES;
				CLANG_WARN_BOOL_CONVERSION = YES;
				CLANG_WARN_CONSTANT_CONVERSION = YES;
				CLANG_WARN_DIRECT_OBJC_ISA_USAGE = YES_ERROR;
				CLANG_WARN_EMPTY_BODY = YES;
				CLANG_WARN_ENUM_CONVERSION = YES;
				CLANG_WARN_INT_CONVERSION = YES;
				CLANG_WARN_OBJC_ROOT_CLASS = YES_ERROR;
				CLANG_WARN_UNREACHABLE_CODE = YES;
				CLANG_WARN__DUPLICATE_METHOD_MATCH = YES;
				"CODE_SIGN_IDENTITY[sdk=iphoneos*]" = "iPhone Developer";
				COPY_PHASE_STRIP = NO;
				ENABLE_STRICT_OBJC_MSGSEND = YES;
				GCC_C_LANGUAGE_STANDARD = gnu99;
				GCC_DYNAMIC_NO_PIC = NO;
				GCC_OPTIMIZATION_LEVEL = 0;
				GCC_PREPROCESSOR_DEFINITIONS = (
					"DEBUG=1",
					"$(inherited)",
				);
				GCC_SYMBOLS_PRIVATE_EXTERN = NO;
				GCC_WARN_64_TO_32_BIT_CONVERSION = YES;
				GCC_WARN_ABOUT_RETURN_TYPE = YES_ERROR;
				GCC_WARN_UNDECLARED_SELECTOR = YES;
				GCC_WARN_UNINITIALIZED_AUTOS = YES_AGGRESSIVE;
				GCC_WARN_UNUSED_FUNCTION = YES;
				GCC_WARN_UNUSED_VARIABLE = YES;
				IPHONEOS_DEPLOYMENT_TARGET = 8.1;
				MTL_ENABLE_DEBUG_INFO = YES;
				ONLY_ACTIVE_ARCH = YES;
				SDKROOT = iphoneos;
				TARGETED_DEVICE_FAMILY = "1,2";
			};
			name = Debug;
		};
		14CE5FDD1A74CF8400A19C36 /* Release */ = {
			isa = XCBuildConfiguration;
			buildSettings = {
				ALWAYS_SEARCH_USER_PATHS = NO;
				CLANG_CXX_LANGUAGE_STANDARD = "gnu++0x";
				CLANG_CXX_LIBRARY = "libc++";
				CLANG_ENABLE_MODULES = YES;
				CLANG_ENABLE_OBJC_ARC = YES;
				CLANG_WARN_BOOL_CONVERSION = YES;
				CLANG_WARN_CONSTANT_CONVERSION = YES;
				CLANG_WARN_DIRECT_OBJC_ISA_USAGE = YES_ERROR;
				CLANG_WARN_EMPTY_BODY = YES;
				CLANG_WARN_ENUM_CONVERSION = YES;
				CLANG_WARN_INT_CONVERSION = YES;
				CLANG_WARN_OBJC_ROOT_CLASS = YES_ERROR;
				CLANG_WARN_UNREACHABLE_CODE = YES;
				CLANG_WARN__DUPLICATE_METHOD_MATCH = YES;
				"CODE_SIGN_IDENTITY[sdk=iphoneos*]" = "iPhone Developer";
				COPY_PHASE_STRIP = YES;
				ENABLE_NS_ASSERTIONS = NO;
				ENABLE_STRICT_OBJC_MSGSEND = YES;
				GCC_C_LANGUAGE_STANDARD = gnu99;
				GCC_WARN_64_TO_32_BIT_CONVERSION = YES;
				GCC_WARN_ABOUT_RETURN_TYPE = YES_ERROR;
				GCC_WARN_UNDECLARED_SELECTOR = YES;
				GCC_WARN_UNINITIALIZED_AUTOS = YES_AGGRESSIVE;
				GCC_WARN_UNUSED_FUNCTION = YES;
				GCC_WARN_UNUSED_VARIABLE = YES;
				IPHONEOS_DEPLOYMENT_TARGET = 8.1;
				MTL_ENABLE_DEBUG_INFO = NO;
				SDKROOT = iphoneos;
				TARGETED_DEVICE_FAMILY = "1,2";
				VALIDATE_PRODUCT = YES;
			};
			name = Release;
		};
		14CE5FDF1A74CF8400A19C36 /* Debug */ = {
			isa = XCBuildConfiguration;
			buildSettings = {
				ASSETCATALOG_COMPILER_APPICON_NAME = AppIcon;
				GCC_INPUT_FILETYPE = automatic;
				HEADER_SEARCH_PATHS = (
					"$(SRCROOT)/inc",
					"$(inherited)",
					/Applications/Xcode.app/Contents/Developer/Toolchains/XcodeDefault.xctoolchain/usr/include,
				);
				INFOPLIST_FILE = Post/Info.plist;
				IPHONEOS_DEPLOYMENT_TARGET = 7.1;
				LD_RUNPATH_SEARCH_PATHS = "$(inherited) @executable_path/Frameworks";
				LIBRARY_SEARCH_PATHS = (
					"$(SRCROOT)/libs/Release$(EFFECTIVE_PLATFORM_NAME)",
					"$(inherited)",
					"$(PROJECT_DIR)/libs/Release-iphoneos",
					"$(PROJECT_DIR)/libs/Release-iphonesimulator",
					"$(PROJECT_DIR)/Post",
				);
				OTHER_LDFLAGS = "";
				PRODUCT_NAME = "$(TARGET_NAME)";
				VALID_ARCHS = "armv7 armv7s arm64";
			};
			name = Debug;
		};
		14CE5FE01A74CF8400A19C36 /* Release */ = {
			isa = XCBuildConfiguration;
			buildSettings = {
				ASSETCATALOG_COMPILER_APPICON_NAME = AppIcon;
				GCC_INPUT_FILETYPE = automatic;
				HEADER_SEARCH_PATHS = (
					"$(SRCROOT)/inc",
					"$(inherited)",
					/Applications/Xcode.app/Contents/Developer/Toolchains/XcodeDefault.xctoolchain/usr/include,
				);
				INFOPLIST_FILE = Post/Info.plist;
				IPHONEOS_DEPLOYMENT_TARGET = 7.1;
				LD_RUNPATH_SEARCH_PATHS = "$(inherited) @executable_path/Frameworks";
				LIBRARY_SEARCH_PATHS = (
					"$(SRCROOT)/libs/Release$(EFFECTIVE_PLATFORM_NAME)",
					"$(inherited)",
					"$(PROJECT_DIR)/libs/Release-iphoneos",
					"$(PROJECT_DIR)/libs/Release-iphonesimulator",
					"$(PROJECT_DIR)/Post",
				);
				OTHER_LDFLAGS = "";
				PRODUCT_NAME = "$(TARGET_NAME)";
				VALID_ARCHS = "armv7 armv7s arm64";
			};
			name = Release;
		};
		14CE5FE21A74CF8400A19C36 /* Debug */ = {
			isa = XCBuildConfiguration;
			buildSettings = {
				BUNDLE_LOADER = "$(TEST_HOST)";
				FRAMEWORK_SEARCH_PATHS = (
					"$(SDKROOT)/Developer/Library/Frameworks",
					"$(inherited)",
				);
				GCC_PREPROCESSOR_DEFINITIONS = (
					"DEBUG=1",
					"$(inherited)",
				);
				INFOPLIST_FILE = PostTests/Info.plist;
				LD_RUNPATH_SEARCH_PATHS = "$(inherited) @executable_path/Frameworks @loader_path/Frameworks";
				PRODUCT_NAME = "$(TARGET_NAME)";
				TEST_HOST = "$(BUILT_PRODUCTS_DIR)/Post.app/Post";
			};
			name = Debug;
		};
		14CE5FE31A74CF8400A19C36 /* Release */ = {
			isa = XCBuildConfiguration;
			buildSettings = {
				BUNDLE_LOADER = "$(TEST_HOST)";
				FRAMEWORK_SEARCH_PATHS = (
					"$(SDKROOT)/Developer/Library/Frameworks",
					"$(inherited)",
				);
				INFOPLIST_FILE = PostTests/Info.plist;
				LD_RUNPATH_SEARCH_PATHS = "$(inherited) @executable_path/Frameworks @loader_path/Frameworks";
				PRODUCT_NAME = "$(TARGET_NAME)";
				TEST_HOST = "$(BUILT_PRODUCTS_DIR)/Post.app/Post";
			};
			name = Release;
		};
/* End XCBuildConfiguration section */

/* Begin XCConfigurationList section */
		14CE5FB31A74CF8400A19C36 /* Build configuration list for PBXProject "Post" */ = {
			isa = XCConfigurationList;
			buildConfigurations = (
				14CE5FDC1A74CF8400A19C36 /* Debug */,
				14CE5FDD1A74CF8400A19C36 /* Release */,
			);
			defaultConfigurationIsVisible = 0;
			defaultConfigurationName = Release;
		};
		14CE5FDE1A74CF8400A19C36 /* Build configuration list for PBXNativeTarget "Post" */ = {
			isa = XCConfigurationList;
			buildConfigurations = (
				14CE5FDF1A74CF8400A19C36 /* Debug */,
				14CE5FE01A74CF8400A19C36 /* Release */,
			);
			defaultConfigurationIsVisible = 0;
			defaultConfigurationName = Release;
		};
		14CE5FE11A74CF8400A19C36 /* Build configuration list for PBXNativeTarget "PostTests" */ = {
			isa = XCConfigurationList;
			buildConfigurations = (
				14CE5FE21A74CF8400A19C36 /* Debug */,
				14CE5FE31A74CF8400A19C36 /* Release */,
			);
			defaultConfigurationIsVisible = 0;
			defaultConfigurationName = Release;
		};
/* End XCConfigurationList section */

/* Begin XCVersionGroup section */
		14CE5FC21A74CF8400A19C36 /* Post.xcdatamodeld */ = {
			isa = XCVersionGroup;
			children = (
				14CE5FC31A74CF8400A19C36 /* Post.xcdatamodel */,
			);
			currentVersion = 14CE5FC31A74CF8400A19C36 /* Post.xcdatamodel */;
			path = Post.xcdatamodeld;
			sourceTree = "<group>";
			versionGroupType = wrapper.xcdatamodel;
		};
/* End XCVersionGroup section */
	};
	rootObject = 14CE5FB01A74CF8400A19C36 /* Project object */;
}
